// !$*UTF8*$!
{
	archiveVersion = 1;
	classes = {
	};
	objectVersion = 56;
	objects = {

/* Begin PBXBuildFile section */
		216DB6A62D2FDEF2005BF4C2 /* AppDelegate.m in Sources */ = {isa = PBXBuildFile; fileRef = 216DB6A52D2FDEF2005BF4C2 /* AppDelegate.m */; };
		216DB6A92D2FDEF2005BF4C2 /* SceneDelegate.m in Sources */ = {isa = PBXBuildFile; fileRef = 216DB6A82D2FDEF2005BF4C2 /* SceneDelegate.m */; };
		216DB6AC2D2FDEF2005BF4C2 /* ViewController.m in Sources */ = {isa = PBXBuildFile; fileRef = 216DB6AB2D2FDEF2005BF4C2 /* ViewController.m */; };
		216DB6AF2D2FDEF2005BF4C2 /* Base in Resources */ = {isa = PBXBuildFile; fileRef = 216DB6AE2D2FDEF2005BF4C2 /* Base */; };
		216DB6B12D2FDEF3005BF4C2 /* Assets.xcassets in Resources */ = {isa = PBXBuildFile; fileRef = 216DB6B02D2FDEF3005BF4C2 /* Assets.xcassets */; };
		216DB6B42D2FDEF3005BF4C2 /* Base in Resources */ = {isa = PBXBuildFile; fileRef = 216DB6B32D2FDEF3005BF4C2 /* Base */; };
		216DB6B72D2FDEF3005BF4C2 /* main.m in Sources */ = {isa = PBXBuildFile; fileRef = 216DB6B62D2FDEF3005BF4C2 /* main.m */; };
		216DB6C12D2FDEF3005BF4C2 /* BJ_____Tests.m in Sources */ = {isa = PBXBuildFile; fileRef = 216DB6C02D2FDEF3005BF4C2 /* BJ_____Tests.m */; };
		216DB6CB2D2FDEF3005BF4C2 /* BJ_____UITests.m in Sources */ = {isa = PBXBuildFile; fileRef = 216DB6CA2D2FDEF3005BF4C2 /* BJ_____UITests.m */; };
		216DB6CD2D2FDEF3005BF4C2 /* BJ_____UITestsLaunchTests.m in Sources */ = {isa = PBXBuildFile; fileRef = 216DB6CC2D2FDEF3005BF4C2 /* BJ_____UITestsLaunchTests.m */; };
		216E87132D73FF360027E674 /* BJMapViewController.m in Sources */ = {isa = PBXBuildFile; fileRef = 216E87122D73FF360027E674 /* BJMapViewController.m */; };
		219A069B2D754C6E00EA43BA /* BJAnnotationView.m in Sources */ = {isa = PBXBuildFile; fileRef = 219A069A2D754C6E00EA43BA /* BJAnnotationView.m */; };
		219A069E2D754EF500EA43BA /* BJAnnotation.m in Sources */ = {isa = PBXBuildFile; fileRef = 219A069D2D754EF500EA43BA /* BJAnnotation.m */; };
		219A06AC2D75F83000EA43BA /* minsu.png in Resources */ = {isa = PBXBuildFile; fileRef = 219A06AB2D75F83000EA43BA /* minsu.png */; };
		219A06B72D780D5500EA43BA /* 3.png in Resources */ = {isa = PBXBuildFile; fileRef = 219A06B22D780D5500EA43BA /* 3.png */; };
		219A06B92D78729400EA43BA /* 4.png in Resources */ = {isa = PBXBuildFile; fileRef = 219A06B82D78729400EA43BA /* 4.png */; };
		219A06BB2D788B6B00EA43BA /* 5.png in Resources */ = {isa = PBXBuildFile; fileRef = 219A06BA2D788B6A00EA43BA /* 5.png */; };
		219A06BD2D78948E00EA43BA /* annotation.png in Resources */ = {isa = PBXBuildFile; fileRef = 219A06BC2D78948E00EA43BA /* annotation.png */; };
		219A06DF2D79390B00EA43BA /* 1.png in Resources */ = {isa = PBXBuildFile; fileRef = 219A06DE2D79390B00EA43BA /* 1.png */; };
		219A06E32D7939CC00EA43BA /* 2.png in Resources */ = {isa = PBXBuildFile; fileRef = 219A06E22D7939CC00EA43BA /* 2.png */; };
		219A06E62D793BB700EA43BA /* BJSearchBar.m in Sources */ = {isa = PBXBuildFile; fileRef = 219A06E52D793BB700EA43BA /* BJSearchBar.m */; };
		219A06EF2D79C34B00EA43BA /* BJButtonTableViewCell.m in Sources */ = {isa = PBXBuildFile; fileRef = 219A06EE2D79C34B00EA43BA /* BJButtonTableViewCell.m */; };
		219A06F62D79EAC800EA43BA /* BJNavigationBar.m in Sources */ = {isa = PBXBuildFile; fileRef = 219A06F52D79EAC800EA43BA /* BJNavigationBar.m */; };
		219A07022D7BF6DF00EA43BA /* backView.png in Resources */ = {isa = PBXBuildFile; fileRef = 219A07012D7BF6DE00EA43BA /* backView.png */; };
		219A07052D7BF70700EA43BA /* toMyHometown.png in Resources */ = {isa = PBXBuildFile; fileRef = 219A07032D7BF70600EA43BA /* toMyHometown.png */; };
		219A07062D7BF70700EA43BA /* toMap.png in Resources */ = {isa = PBXBuildFile; fileRef = 219A07042D7BF70600EA43BA /* toMap.png */; };
		219A07092D7BFDA900EA43BA /* BJMyHometownViewController.m in Sources */ = {isa = PBXBuildFile; fileRef = 219A07082D7BFDA900EA43BA /* BJMyHometownViewController.m */; };
		219A070D2D7C055200EA43BA /* 字玩女侠青龙-闪 苍劲(Joyfonts-QinglongGB-Flash-Black).ttf in Resources */ = {isa = PBXBuildFile; fileRef = 219A070C2D7C055200EA43BA /* 字玩女侠青龙-闪 苍劲(Joyfonts-QinglongGB-Flash-Black).ttf */; };
		219F0E8D2D3E7E2300F69C9B /* BJHomePageViewController.m in Sources */ = {isa = PBXBuildFile; fileRef = 219F0E8C2D3E7E2200F69C9B /* BJHomePageViewController.m */; };
		219F0E902D3E7E5D00F69C9B /* BJShopViewController.m in Sources */ = {isa = PBXBuildFile; fileRef = 219F0E8F2D3E7E5D00F69C9B /* BJShopViewController.m */; };
		219F0E932D3E7EAC00F69C9B /* BJPostViewController.m in Sources */ = {isa = PBXBuildFile; fileRef = 219F0E922D3E7EAC00F69C9B /* BJPostViewController.m */; };
		219F0E962D3E7EC000F69C9B /* BJCommunityViewController.m in Sources */ = {isa = PBXBuildFile; fileRef = 219F0E952D3E7EC000F69C9B /* BJCommunityViewController.m */; };
		219F0E992D3E7ED200F69C9B /* BJMyPageViewController.m in Sources */ = {isa = PBXBuildFile; fileRef = 219F0E982D3E7ED200F69C9B /* BJMyPageViewController.m */; };
		219F0E9F2D3E843100F69C9B /* jiahao.png in Resources */ = {isa = PBXBuildFile; fileRef = 219F0E9E2D3E843100F69C9B /* jiahao.png */; };
		219F0EA22D3E848100F69C9B /* BJTabBarController.m in Sources */ = {isa = PBXBuildFile; fileRef = 219F0EA12D3E848100F69C9B /* BJTabBarController.m */; };
		219F0EA52D3E849200F69C9B /* BJTabBar.m in Sources */ = {isa = PBXBuildFile; fileRef = 219F0EA42D3E849200F69C9B /* BJTabBar.m */; };
		219F0EAB2D3E8B5C00F69C9B /* home.png in Resources */ = {isa = PBXBuildFile; fileRef = 219F0EA62D3E8B5B00F69C9B /* home.png */; };
		219F0EAD2D3E8B5C00F69C9B /* myPage.png in Resources */ = {isa = PBXBuildFile; fileRef = 219F0EA82D3E8B5C00F69C9B /* myPage.png */; };
		219F0EAE2D3E8B5C00F69C9B /* community.png in Resources */ = {isa = PBXBuildFile; fileRef = 219F0EA92D3E8B5C00F69C9B /* community.png */; };
		219F0EAF2D3E8B5C00F69C9B /* shop.png in Resources */ = {isa = PBXBuildFile; fileRef = 219F0EAA2D3E8B5C00F69C9B /* shop.png */; };
		219F0EB72D4160DD00F69C9B /* logo.png in Resources */ = {isa = PBXBuildFile; fileRef = 219F0EB62D4160DD00F69C9B /* logo.png */; };
		219F0EBB2D41CEDE00F69C9B /* BJScrollViewTableViewCell.m in Sources */ = {isa = PBXBuildFile; fileRef = 219F0EBA2D41CEDE00F69C9B /* BJScrollViewTableViewCell.m */; };
		219F0EBD2D41DA2B00F69C9B /* logo2.png in Resources */ = {isa = PBXBuildFile; fileRef = 219F0EBC2D41DA2B00F69C9B /* logo2.png */; };
		2707B9E64770065027B653A9 /* libPods-BJ博鉴乡兴通.a in Frameworks */ = {isa = PBXBuildFile; fileRef = 1C9BCFB67B8FE7DD9598BE59 /* libPods-BJ博鉴乡兴通.a */; };
/* End PBXBuildFile section */

/* Begin PBXContainerItemProxy section */
		216DB6BD2D2FDEF3005BF4C2 /* PBXContainerItemProxy */ = {
			isa = PBXContainerItemProxy;
			containerPortal = 216DB6992D2FDEF2005BF4C2 /* Project object */;
			proxyType = 1;
			remoteGlobalIDString = 216DB6A02D2FDEF2005BF4C2;
			remoteInfo = "BJ博鉴乡兴通";
		};
		216DB6C72D2FDEF3005BF4C2 /* PBXContainerItemProxy */ = {
			isa = PBXContainerItemProxy;
			containerPortal = 216DB6992D2FDEF2005BF4C2 /* Project object */;
			proxyType = 1;
			remoteGlobalIDString = 216DB6A02D2FDEF2005BF4C2;
			remoteInfo = "BJ博鉴乡兴通";
		};
/* End PBXContainerItemProxy section */

/* Begin PBXFileReference section */
		1C9BCFB67B8FE7DD9598BE59 /* libPods-BJ博鉴乡兴通.a */ = {isa = PBXFileReference; explicitFileType = archive.ar; includeInIndex = 0; path = "libPods-BJ博鉴乡兴通.a"; sourceTree = BUILT_PRODUCTS_DIR; };
		216DB6A12D2FDEF2005BF4C2 /* BJ博鉴乡兴通.app */ = {isa = PBXFileReference; explicitFileType = wrapper.application; includeInIndex = 0; path = "BJ博鉴乡兴通.app"; sourceTree = BUILT_PRODUCTS_DIR; };
		216DB6A42D2FDEF2005BF4C2 /* AppDelegate.h */ = {isa = PBXFileReference; lastKnownFileType = sourcecode.c.h; path = AppDelegate.h; sourceTree = "<group>"; };
		216DB6A52D2FDEF2005BF4C2 /* AppDelegate.m */ = {isa = PBXFileReference; lastKnownFileType = sourcecode.c.objc; path = AppDelegate.m; sourceTree = "<group>"; };
		216DB6A72D2FDEF2005BF4C2 /* SceneDelegate.h */ = {isa = PBXFileReference; lastKnownFileType = sourcecode.c.h; path = SceneDelegate.h; sourceTree = "<group>"; };
		216DB6A82D2FDEF2005BF4C2 /* SceneDelegate.m */ = {isa = PBXFileReference; lastKnownFileType = sourcecode.c.objc; path = SceneDelegate.m; sourceTree = "<group>"; };
		216DB6AA2D2FDEF2005BF4C2 /* ViewController.h */ = {isa = PBXFileReference; lastKnownFileType = sourcecode.c.h; path = ViewController.h; sourceTree = "<group>"; };
		216DB6AB2D2FDEF2005BF4C2 /* ViewController.m */ = {isa = PBXFileReference; lastKnownFileType = sourcecode.c.objc; path = ViewController.m; sourceTree = "<group>"; };
		216DB6AE2D2FDEF2005BF4C2 /* Base */ = {isa = PBXFileReference; lastKnownFileType = file.storyboard; name = Base; path = Base.lproj/Main.storyboard; sourceTree = "<group>"; };
		216DB6B02D2FDEF3005BF4C2 /* Assets.xcassets */ = {isa = PBXFileReference; lastKnownFileType = folder.assetcatalog; path = Assets.xcassets; sourceTree = "<group>"; };
		216DB6B32D2FDEF3005BF4C2 /* Base */ = {isa = PBXFileReference; lastKnownFileType = file.storyboard; name = Base; path = Base.lproj/LaunchScreen.storyboard; sourceTree = "<group>"; };
		216DB6B52D2FDEF3005BF4C2 /* Info.plist */ = {isa = PBXFileReference; lastKnownFileType = text.plist.xml; path = Info.plist; sourceTree = "<group>"; };
		216DB6B62D2FDEF3005BF4C2 /* main.m */ = {isa = PBXFileReference; lastKnownFileType = sourcecode.c.objc; path = main.m; sourceTree = "<group>"; };
		216DB6BC2D2FDEF3005BF4C2 /* BJ博鉴乡兴通Tests.xctest */ = {isa = PBXFileReference; explicitFileType = wrapper.cfbundle; includeInIndex = 0; path = "BJ博鉴乡兴通Tests.xctest"; sourceTree = BUILT_PRODUCTS_DIR; };
		216DB6C02D2FDEF3005BF4C2 /* BJ_____Tests.m */ = {isa = PBXFileReference; lastKnownFileType = sourcecode.c.objc; path = "BJ_____Tests.m"; sourceTree = "<group>"; };
		216DB6C62D2FDEF3005BF4C2 /* BJ博鉴乡兴通UITests.xctest */ = {isa = PBXFileReference; explicitFileType = wrapper.cfbundle; includeInIndex = 0; path = "BJ博鉴乡兴通UITests.xctest"; sourceTree = BUILT_PRODUCTS_DIR; };
		216DB6CA2D2FDEF3005BF4C2 /* BJ_____UITests.m */ = {isa = PBXFileReference; lastKnownFileType = sourcecode.c.objc; path = "BJ_____UITests.m"; sourceTree = "<group>"; };
		216DB6CC2D2FDEF3005BF4C2 /* BJ_____UITestsLaunchTests.m */ = {isa = PBXFileReference; lastKnownFileType = sourcecode.c.objc; path = "BJ_____UITestsLaunchTests.m"; sourceTree = "<group>"; };
		216E87112D73FF360027E674 /* BJMapViewController.h */ = {isa = PBXFileReference; lastKnownFileType = sourcecode.c.h; path = BJMapViewController.h; sourceTree = "<group>"; };
		216E87122D73FF360027E674 /* BJMapViewController.m */ = {isa = PBXFileReference; lastKnownFileType = sourcecode.c.objc; path = BJMapViewController.m; sourceTree = "<group>"; };
		219A06992D754C6E00EA43BA /* BJAnnotationView.h */ = {isa = PBXFileReference; lastKnownFileType = sourcecode.c.h; path = BJAnnotationView.h; sourceTree = "<group>"; };
		219A069A2D754C6E00EA43BA /* BJAnnotationView.m */ = {isa = PBXFileReference; lastKnownFileType = sourcecode.c.objc; path = BJAnnotationView.m; sourceTree = "<group>"; };
		219A069C2D754EF500EA43BA /* BJAnnotation.h */ = {isa = PBXFileReference; lastKnownFileType = sourcecode.c.h; path = BJAnnotation.h; sourceTree = "<group>"; };
		219A069D2D754EF500EA43BA /* BJAnnotation.m */ = {isa = PBXFileReference; lastKnownFileType = sourcecode.c.objc; path = BJAnnotation.m; sourceTree = "<group>"; };
		219A06AB2D75F83000EA43BA /* minsu.png */ = {isa = PBXFileReference; lastKnownFileType = image.png; path = minsu.png; sourceTree = "<group>"; };
		219A06B22D780D5500EA43BA /* 3.png */ = {isa = PBXFileReference; lastKnownFileType = image.png; path = 3.png; sourceTree = "<group>"; };
		219A06B82D78729400EA43BA /* 4.png */ = {isa = PBXFileReference; lastKnownFileType = image.png; path = 4.png; sourceTree = "<group>"; };
		219A06BA2D788B6A00EA43BA /* 5.png */ = {isa = PBXFileReference; lastKnownFileType = image.png; path = 5.png; sourceTree = "<group>"; };
		219A06BC2D78948E00EA43BA /* annotation.png */ = {isa = PBXFileReference; lastKnownFileType = image.png; path = annotation.png; sourceTree = "<group>"; };
		219A06DE2D79390B00EA43BA /* 1.png */ = {isa = PBXFileReference; lastKnownFileType = image.png; path = 1.png; sourceTree = "<group>"; };
		219A06E22D7939CC00EA43BA /* 2.png */ = {isa = PBXFileReference; lastKnownFileType = image.png; path = 2.png; sourceTree = "<group>"; };
		219A06E42D793BB700EA43BA /* BJSearchBar.h */ = {isa = PBXFileReference; lastKnownFileType = sourcecode.c.h; path = BJSearchBar.h; sourceTree = "<group>"; };
		219A06E52D793BB700EA43BA /* BJSearchBar.m */ = {isa = PBXFileReference; lastKnownFileType = sourcecode.c.objc; path = BJSearchBar.m; sourceTree = "<group>"; };
		219A06ED2D79C34B00EA43BA /* BJButtonTableViewCell.h */ = {isa = PBXFileReference; lastKnownFileType = sourcecode.c.h; path = BJButtonTableViewCell.h; sourceTree = "<group>"; };
		219A06EE2D79C34B00EA43BA /* BJButtonTableViewCell.m */ = {isa = PBXFileReference; lastKnownFileType = sourcecode.c.objc; path = BJButtonTableViewCell.m; sourceTree = "<group>"; };
		219A06F42D79EAC800EA43BA /* BJNavigationBar.h */ = {isa = PBXFileReference; lastKnownFileType = sourcecode.c.h; path = BJNavigationBar.h; sourceTree = "<group>"; };
		219A06F52D79EAC800EA43BA /* BJNavigationBar.m */ = {isa = PBXFileReference; lastKnownFileType = sourcecode.c.objc; path = BJNavigationBar.m; sourceTree = "<group>"; };
		219A07012D7BF6DE00EA43BA /* backView.png */ = {isa = PBXFileReference; lastKnownFileType = image.png; path = backView.png; sourceTree = "<group>"; };
		219A07032D7BF70600EA43BA /* toMyHometown.png */ = {isa = PBXFileReference; lastKnownFileType = image.png; path = toMyHometown.png; sourceTree = "<group>"; };
		219A07042D7BF70600EA43BA /* toMap.png */ = {isa = PBXFileReference; lastKnownFileType = image.png; path = toMap.png; sourceTree = "<group>"; };
		219A07072D7BFDA900EA43BA /* BJMyHometownViewController.h */ = {isa = PBXFileReference; lastKnownFileType = sourcecode.c.h; path = BJMyHometownViewController.h; sourceTree = "<group>"; };
		219A07082D7BFDA900EA43BA /* BJMyHometownViewController.m */ = {isa = PBXFileReference; lastKnownFileType = sourcecode.c.objc; path = BJMyHometownViewController.m; sourceTree = "<group>"; };
		219A070C2D7C055200EA43BA /* 字玩女侠青龙-闪 苍劲(Joyfonts-QinglongGB-Flash-Black).ttf */ = {isa = PBXFileReference; lastKnownFileType = file; path = "字玩女侠青龙-闪 苍劲(Joyfonts-QinglongGB-Flash-Black).ttf"; sourceTree = "<group>"; };
		219F0E8B2D3E7E2200F69C9B /* BJHomePageViewController.h */ = {isa = PBXFileReference; lastKnownFileType = sourcecode.c.h; path = BJHomePageViewController.h; sourceTree = "<group>"; };
		219F0E8C2D3E7E2200F69C9B /* BJHomePageViewController.m */ = {isa = PBXFileReference; lastKnownFileType = sourcecode.c.objc; path = BJHomePageViewController.m; sourceTree = "<group>"; };
		219F0E8E2D3E7E5D00F69C9B /* BJShopViewController.h */ = {isa = PBXFileReference; lastKnownFileType = sourcecode.c.h; path = BJShopViewController.h; sourceTree = "<group>"; };
		219F0E8F2D3E7E5D00F69C9B /* BJShopViewController.m */ = {isa = PBXFileReference; lastKnownFileType = sourcecode.c.objc; path = BJShopViewController.m; sourceTree = "<group>"; };
		219F0E912D3E7EAC00F69C9B /* BJPostViewController.h */ = {isa = PBXFileReference; lastKnownFileType = sourcecode.c.h; path = BJPostViewController.h; sourceTree = "<group>"; };
		219F0E922D3E7EAC00F69C9B /* BJPostViewController.m */ = {isa = PBXFileReference; lastKnownFileType = sourcecode.c.objc; path = BJPostViewController.m; sourceTree = "<group>"; };
		219F0E942D3E7EC000F69C9B /* BJCommunityViewController.h */ = {isa = PBXFileReference; lastKnownFileType = sourcecode.c.h; path = BJCommunityViewController.h; sourceTree = "<group>"; };
		219F0E952D3E7EC000F69C9B /* BJCommunityViewController.m */ = {isa = PBXFileReference; lastKnownFileType = sourcecode.c.objc; path = BJCommunityViewController.m; sourceTree = "<group>"; };
		219F0E972D3E7ED200F69C9B /* BJMyPageViewController.h */ = {isa = PBXFileReference; lastKnownFileType = sourcecode.c.h; path = BJMyPageViewController.h; sourceTree = "<group>"; };
		219F0E982D3E7ED200F69C9B /* BJMyPageViewController.m */ = {isa = PBXFileReference; lastKnownFileType = sourcecode.c.objc; path = BJMyPageViewController.m; sourceTree = "<group>"; };
		219F0E9E2D3E843100F69C9B /* jiahao.png */ = {isa = PBXFileReference; lastKnownFileType = image.png; path = jiahao.png; sourceTree = "<group>"; };
		219F0EA02D3E848100F69C9B /* BJTabBarController.h */ = {isa = PBXFileReference; lastKnownFileType = sourcecode.c.h; path = BJTabBarController.h; sourceTree = "<group>"; };
		219F0EA12D3E848100F69C9B /* BJTabBarController.m */ = {isa = PBXFileReference; lastKnownFileType = sourcecode.c.objc; path = BJTabBarController.m; sourceTree = "<group>"; };
		219F0EA32D3E849200F69C9B /* BJTabBar.h */ = {isa = PBXFileReference; lastKnownFileType = sourcecode.c.h; path = BJTabBar.h; sourceTree = "<group>"; };
		219F0EA42D3E849200F69C9B /* BJTabBar.m */ = {isa = PBXFileReference; lastKnownFileType = sourcecode.c.objc; path = BJTabBar.m; sourceTree = "<group>"; };
		219F0EA62D3E8B5B00F69C9B /* home.png */ = {isa = PBXFileReference; lastKnownFileType = image.png; path = home.png; sourceTree = "<group>"; };
		219F0EA82D3E8B5C00F69C9B /* myPage.png */ = {isa = PBXFileReference; lastKnownFileType = image.png; path = myPage.png; sourceTree = "<group>"; };
		219F0EA92D3E8B5C00F69C9B /* community.png */ = {isa = PBXFileReference; lastKnownFileType = image.png; path = community.png; sourceTree = "<group>"; };
		219F0EAA2D3E8B5C00F69C9B /* shop.png */ = {isa = PBXFileReference; lastKnownFileType = image.png; path = shop.png; sourceTree = "<group>"; };
		219F0EB62D4160DD00F69C9B /* logo.png */ = {isa = PBXFileReference; lastKnownFileType = image.png; path = logo.png; sourceTree = "<group>"; };
		219F0EB92D41CEDE00F69C9B /* BJScrollViewTableViewCell.h */ = {isa = PBXFileReference; lastKnownFileType = sourcecode.c.h; path = BJScrollViewTableViewCell.h; sourceTree = "<group>"; };
		219F0EBA2D41CEDE00F69C9B /* BJScrollViewTableViewCell.m */ = {isa = PBXFileReference; lastKnownFileType = sourcecode.c.objc; path = BJScrollViewTableViewCell.m; sourceTree = "<group>"; };
		219F0EBC2D41DA2B00F69C9B /* logo2.png */ = {isa = PBXFileReference; lastKnownFileType = image.png; path = logo2.png; sourceTree = "<group>"; };
		AAE3039BA091A97AB111073F /* Pods-BJ博鉴乡兴通.debug.xcconfig */ = {isa = PBXFileReference; includeInIndex = 1; lastKnownFileType = text.xcconfig; name = "Pods-BJ博鉴乡兴通.debug.xcconfig"; path = "Target Support Files/Pods-BJ博鉴乡兴通/Pods-BJ博鉴乡兴通.debug.xcconfig"; sourceTree = "<group>"; };
		EFB8F9864B0D050C6D268266 /* Pods-BJ博鉴乡兴通.release.xcconfig */ = {isa = PBXFileReference; includeInIndex = 1; lastKnownFileType = text.xcconfig; name = "Pods-BJ博鉴乡兴通.release.xcconfig"; path = "Target Support Files/Pods-BJ博鉴乡兴通/Pods-BJ博鉴乡兴通.release.xcconfig"; sourceTree = "<group>"; };
/* End PBXFileReference section */

/* Begin PBXFrameworksBuildPhase section */
		216DB69E2D2FDEF2005BF4C2 /* Frameworks */ = {
			isa = PBXFrameworksBuildPhase;
			buildActionMask = 2147483647;
			files = (
				2707B9E64770065027B653A9 /* libPods-BJ博鉴乡兴通.a in Frameworks */,
			);
			runOnlyForDeploymentPostprocessing = 0;
		};
		216DB6B92D2FDEF3005BF4C2 /* Frameworks */ = {
			isa = PBXFrameworksBuildPhase;
			buildActionMask = 2147483647;
			files = (
			);
			runOnlyForDeploymentPostprocessing = 0;
		};
		216DB6C32D2FDEF3005BF4C2 /* Frameworks */ = {
			isa = PBXFrameworksBuildPhase;
			buildActionMask = 2147483647;
			files = (
			);
			runOnlyForDeploymentPostprocessing = 0;
		};
/* End PBXFrameworksBuildPhase section */

/* Begin PBXGroup section */
		0840236188BC2474972FB20E /* Pods */ = {
			isa = PBXGroup;
			children = (
				AAE3039BA091A97AB111073F /* Pods-BJ博鉴乡兴通.debug.xcconfig */,
				EFB8F9864B0D050C6D268266 /* Pods-BJ博鉴乡兴通.release.xcconfig */,
			);
			path = Pods;
			sourceTree = "<group>";
		};
		216DB6982D2FDEF2005BF4C2 = {
			isa = PBXGroup;
			children = (
				216DB6A32D2FDEF2005BF4C2 /* BJ博鉴乡兴通 */,
				216DB6BF2D2FDEF3005BF4C2 /* BJ博鉴乡兴通Tests */,
				216DB6C92D2FDEF3005BF4C2 /* BJ博鉴乡兴通UITests */,
				216DB6A22D2FDEF2005BF4C2 /* Products */,
				0840236188BC2474972FB20E /* Pods */,
				BF4B121A5B2F0C29668C3871 /* Frameworks */,
			);
			sourceTree = "<group>";
		};
		216DB6A22D2FDEF2005BF4C2 /* Products */ = {
			isa = PBXGroup;
			children = (
				216DB6A12D2FDEF2005BF4C2 /* BJ博鉴乡兴通.app */,
				216DB6BC2D2FDEF3005BF4C2 /* BJ博鉴乡兴通Tests.xctest */,
				216DB6C62D2FDEF3005BF4C2 /* BJ博鉴乡兴通UITests.xctest */,
			);
			name = Products;
			sourceTree = "<group>";
		};
		216DB6A32D2FDEF2005BF4C2 /* BJ博鉴乡兴通 */ = {
			isa = PBXGroup;
			children = (
				216DB6DA2D2FDF87005BF4C2 /* 商城 */,
				219F0E9B2D3E83D600F69C9B /* 图片 */,
				219F0E9A2D3E83C400F69C9B /* 通用 */,
				216DB6D92D2FDF7C005BF4C2 /* 首页 */,
				216DB6DE2D2FDFBD005BF4C2 /* 发布 */,
				216DB6DD2D2FDFB5005BF4C2 /* 社区 */,
				216DB6DC2D2FDFAB005BF4C2 /* 我的 */,
				216DB6A42D2FDEF2005BF4C2 /* AppDelegate.h */,
				216DB6A52D2FDEF2005BF4C2 /* AppDelegate.m */,
				216DB6A72D2FDEF2005BF4C2 /* SceneDelegate.h */,
				216DB6A82D2FDEF2005BF4C2 /* SceneDelegate.m */,
				216DB6AA2D2FDEF2005BF4C2 /* ViewController.h */,
				216DB6AB2D2FDEF2005BF4C2 /* ViewController.m */,
				216DB6AD2D2FDEF2005BF4C2 /* Main.storyboard */,
				216DB6B02D2FDEF3005BF4C2 /* Assets.xcassets */,
				216DB6B22D2FDEF3005BF4C2 /* LaunchScreen.storyboard */,
				216DB6B52D2FDEF3005BF4C2 /* Info.plist */,
				216DB6B62D2FDEF3005BF4C2 /* main.m */,
			);
			path = "BJ博鉴乡兴通";
			sourceTree = "<group>";
		};
		216DB6BF2D2FDEF3005BF4C2 /* BJ博鉴乡兴通Tests */ = {
			isa = PBXGroup;
			children = (
				216DB6C02D2FDEF3005BF4C2 /* BJ_____Tests.m */,
			);
			path = "BJ博鉴乡兴通Tests";
			sourceTree = "<group>";
		};
		216DB6C92D2FDEF3005BF4C2 /* BJ博鉴乡兴通UITests */ = {
			isa = PBXGroup;
			children = (
				216DB6CA2D2FDEF3005BF4C2 /* BJ_____UITests.m */,
				216DB6CC2D2FDEF3005BF4C2 /* BJ_____UITestsLaunchTests.m */,
			);
			path = "BJ博鉴乡兴通UITests";
			sourceTree = "<group>";
		};
		216DB6D92D2FDF7C005BF4C2 /* 首页 */ = {
			isa = PBXGroup;
			children = (
				219A06982D75491300EA43BA /* View */,
				219F0EB82D41CE8600F69C9B /* cell */,
				219F0E8B2D3E7E2200F69C9B /* BJHomePageViewController.h */,
				219F0E8C2D3E7E2200F69C9B /* BJHomePageViewController.m */,
				216E87112D73FF360027E674 /* BJMapViewController.h */,
				216E87122D73FF360027E674 /* BJMapViewController.m */,
				219A07072D7BFDA900EA43BA /* BJMyHometownViewController.h */,
				219A07082D7BFDA900EA43BA /* BJMyHometownViewController.m */,
			);
			path = "首页";
			sourceTree = "<group>";
		};
		216DB6DA2D2FDF87005BF4C2 /* 商城 */ = {
			isa = PBXGroup;
			children = (
				219F0E8E2D3E7E5D00F69C9B /* BJShopViewController.h */,
				219F0E8F2D3E7E5D00F69C9B /* BJShopViewController.m */,
			);
			path = "商城";
			sourceTree = "<group>";
		};
		216DB6DC2D2FDFAB005BF4C2 /* 我的 */ = {
			isa = PBXGroup;
			children = (
				219F0E972D3E7ED200F69C9B /* BJMyPageViewController.h */,
				219F0E982D3E7ED200F69C9B /* BJMyPageViewController.m */,
			);
			path = "我的";
			sourceTree = "<group>";
		};
		216DB6DD2D2FDFB5005BF4C2 /* 社区 */ = {
			isa = PBXGroup;
			children = (
				219F0E942D3E7EC000F69C9B /* BJCommunityViewController.h */,
				219F0E952D3E7EC000F69C9B /* BJCommunityViewController.m */,
			);
			path = "社区";
			sourceTree = "<group>";
		};
		216DB6DE2D2FDFBD005BF4C2 /* 发布 */ = {
			isa = PBXGroup;
			children = (
				219F0E912D3E7EAC00F69C9B /* BJPostViewController.h */,
				219F0E922D3E7EAC00F69C9B /* BJPostViewController.m */,
			);
			path = "发布";
			sourceTree = "<group>";
		};
		219A06982D75491300EA43BA /* View */ = {
			isa = PBXGroup;
			children = (
				219A06992D754C6E00EA43BA /* BJAnnotationView.h */,
				219A069A2D754C6E00EA43BA /* BJAnnotationView.m */,
				219A069C2D754EF500EA43BA /* BJAnnotation.h */,
				219A069D2D754EF500EA43BA /* BJAnnotation.m */,
				219A06E42D793BB700EA43BA /* BJSearchBar.h */,
				219A06E52D793BB700EA43BA /* BJSearchBar.m */,
			);
			path = View;
			sourceTree = "<group>";
		};
		219A06AD2D7747C800EA43BA /* Display image */ = {
			isa = PBXGroup;
			children = (
				219A06DE2D79390B00EA43BA /* 1.png */,
				219A06E22D7939CC00EA43BA /* 2.png */,
				219A06B22D780D5500EA43BA /* 3.png */,
				219A06B82D78729400EA43BA /* 4.png */,
				219A06BA2D788B6A00EA43BA /* 5.png */,
			);
			path = "Display image";
			sourceTree = "<group>";
		};
		219A070A2D7C040A00EA43BA /* 字体 */ = {
			isa = PBXGroup;
			children = (
				219A070C2D7C055200EA43BA /* 字玩女侠青龙-闪 苍劲(Joyfonts-QinglongGB-Flash-Black).ttf */,
			);
			path = "字体";
			sourceTree = "<group>";
		};
		219F0E9A2D3E83C400F69C9B /* 通用 */ = {
			isa = PBXGroup;
			children = (
				219F0EA02D3E848100F69C9B /* BJTabBarController.h */,
				219F0EA12D3E848100F69C9B /* BJTabBarController.m */,
				219F0EA32D3E849200F69C9B /* BJTabBar.h */,
				219F0EA42D3E849200F69C9B /* BJTabBar.m */,
				219A06F42D79EAC800EA43BA /* BJNavigationBar.h */,
				219A06F52D79EAC800EA43BA /* BJNavigationBar.m */,
			);
			path = "通用";
			sourceTree = "<group>";
		};
		219F0E9B2D3E83D600F69C9B /* 图片 */ = {
			isa = PBXGroup;
			children = (
				219A070A2D7C040A00EA43BA /* 字体 */,
				219A06AD2D7747C800EA43BA /* Display image */,
				219F0EB62D4160DD00F69C9B /* logo.png */,
				219F0E9E2D3E843100F69C9B /* jiahao.png */,
				219F0EAA2D3E8B5C00F69C9B /* shop.png */,
				219F0EA62D3E8B5B00F69C9B /* home.png */,
				219F0EBC2D41DA2B00F69C9B /* logo2.png */,
				219F0EA82D3E8B5C00F69C9B /* myPage.png */,
				219A06BC2D78948E00EA43BA /* annotation.png */,
				219F0EA92D3E8B5C00F69C9B /* community.png */,
				219A06AB2D75F83000EA43BA /* minsu.png */,
				219A07012D7BF6DE00EA43BA /* backView.png */,
				219A07042D7BF70600EA43BA /* toMap.png */,
				219A07032D7BF70600EA43BA /* toMyHometown.png */,
			);
			path = "图片";
			sourceTree = "<group>";
		};
		219F0EB82D41CE8600F69C9B /* cell */ = {
			isa = PBXGroup;
			children = (
				219F0EB92D41CEDE00F69C9B /* BJScrollViewTableViewCell.h */,
				219F0EBA2D41CEDE00F69C9B /* BJScrollViewTableViewCell.m */,
				219A06ED2D79C34B00EA43BA /* BJButtonTableViewCell.h */,
				219A06EE2D79C34B00EA43BA /* BJButtonTableViewCell.m */,
			);
			path = cell;
			sourceTree = "<group>";
		};
		BF4B121A5B2F0C29668C3871 /* Frameworks */ = {
			isa = PBXGroup;
			children = (
				1C9BCFB67B8FE7DD9598BE59 /* libPods-BJ博鉴乡兴通.a */,
			);
			name = Frameworks;
			sourceTree = "<group>";
		};
/* End PBXGroup section */

/* Begin PBXNativeTarget section */
		216DB6A02D2FDEF2005BF4C2 /* BJ博鉴乡兴通 */ = {
			isa = PBXNativeTarget;
			buildConfigurationList = 216DB6D02D2FDEF3005BF4C2 /* Build configuration list for PBXNativeTarget "BJ博鉴乡兴通" */;
			buildPhases = (
				6384138B6D9C8C517BA6E96E /* [CP] Check Pods Manifest.lock */,
				216DB69D2D2FDEF2005BF4C2 /* Sources */,
				216DB69E2D2FDEF2005BF4C2 /* Frameworks */,
				216DB69F2D2FDEF2005BF4C2 /* Resources */,
				B88E00A6E929AFCBC08370EB /* [CP] Copy Pods Resources */,
			);
			buildRules = (
			);
			dependencies = (
			);
			name = "BJ博鉴乡兴通";
			productName = "BJ博鉴乡兴通";
			productReference = 216DB6A12D2FDEF2005BF4C2 /* BJ博鉴乡兴通.app */;
			productType = "com.apple.product-type.application";
		};
		216DB6BB2D2FDEF3005BF4C2 /* BJ博鉴乡兴通Tests */ = {
			isa = PBXNativeTarget;
			buildConfigurationList = 216DB6D32D2FDEF3005BF4C2 /* Build configuration list for PBXNativeTarget "BJ博鉴乡兴通Tests" */;
			buildPhases = (
				216DB6B82D2FDEF3005BF4C2 /* Sources */,
				216DB6B92D2FDEF3005BF4C2 /* Frameworks */,
				216DB6BA2D2FDEF3005BF4C2 /* Resources */,
			);
			buildRules = (
			);
			dependencies = (
				216DB6BE2D2FDEF3005BF4C2 /* PBXTargetDependency */,
			);
			name = "BJ博鉴乡兴通Tests";
			productName = "BJ博鉴乡兴通Tests";
			productReference = 216DB6BC2D2FDEF3005BF4C2 /* BJ博鉴乡兴通Tests.xctest */;
			productType = "com.apple.product-type.bundle.unit-test";
		};
		216DB6C52D2FDEF3005BF4C2 /* BJ博鉴乡兴通UITests */ = {
			isa = PBXNativeTarget;
			buildConfigurationList = 216DB6D62D2FDEF3005BF4C2 /* Build configuration list for PBXNativeTarget "BJ博鉴乡兴通UITests" */;
			buildPhases = (
				216DB6C22D2FDEF3005BF4C2 /* Sources */,
				216DB6C32D2FDEF3005BF4C2 /* Frameworks */,
				216DB6C42D2FDEF3005BF4C2 /* Resources */,
			);
			buildRules = (
			);
			dependencies = (
				216DB6C82D2FDEF3005BF4C2 /* PBXTargetDependency */,
			);
			name = "BJ博鉴乡兴通UITests";
			productName = "BJ博鉴乡兴通UITests";
			productReference = 216DB6C62D2FDEF3005BF4C2 /* BJ博鉴乡兴通UITests.xctest */;
			productType = "com.apple.product-type.bundle.ui-testing";
		};
/* End PBXNativeTarget section */

/* Begin PBXProject section */
		216DB6992D2FDEF2005BF4C2 /* Project object */ = {
			isa = PBXProject;
			attributes = {
				BuildIndependentTargetsInParallel = 1;
				LastUpgradeCheck = 1540;
				TargetAttributes = {
					216DB6A02D2FDEF2005BF4C2 = {
						CreatedOnToolsVersion = 15.4;
					};
					216DB6BB2D2FDEF3005BF4C2 = {
						CreatedOnToolsVersion = 15.4;
						TestTargetID = 216DB6A02D2FDEF2005BF4C2;
					};
					216DB6C52D2FDEF3005BF4C2 = {
						CreatedOnToolsVersion = 15.4;
						TestTargetID = 216DB6A02D2FDEF2005BF4C2;
					};
				};
			};
			buildConfigurationList = 216DB69C2D2FDEF2005BF4C2 /* Build configuration list for PBXProject "BJ博鉴乡兴通" */;
			compatibilityVersion = "Xcode 14.0";
			developmentRegion = en;
			hasScannedForEncodings = 0;
			knownRegions = (
				en,
				Base,
			);
			mainGroup = 216DB6982D2FDEF2005BF4C2;
			productRefGroup = 216DB6A22D2FDEF2005BF4C2 /* Products */;
			projectDirPath = "";
			projectRoot = "";
			targets = (
				216DB6A02D2FDEF2005BF4C2 /* BJ博鉴乡兴通 */,
				216DB6BB2D2FDEF3005BF4C2 /* BJ博鉴乡兴通Tests */,
				216DB6C52D2FDEF3005BF4C2 /* BJ博鉴乡兴通UITests */,
			);
		};
/* End PBXProject section */

/* Begin PBXResourcesBuildPhase section */
		216DB69F2D2FDEF2005BF4C2 /* Resources */ = {
			isa = PBXResourcesBuildPhase;
			buildActionMask = 2147483647;
			files = (
				219A06BD2D78948E00EA43BA /* annotation.png in Resources */,
				219A07052D7BF70700EA43BA /* toMyHometown.png in Resources */,
				219A06DF2D79390B00EA43BA /* 1.png in Resources */,
				219A06E32D7939CC00EA43BA /* 2.png in Resources */,
				219F0EAF2D3E8B5C00F69C9B /* shop.png in Resources */,
				219F0EAD2D3E8B5C00F69C9B /* myPage.png in Resources */,
				219A06B72D780D5500EA43BA /* 3.png in Resources */,
				219A06B92D78729400EA43BA /* 4.png in Resources */,
				219A06BB2D788B6B00EA43BA /* 5.png in Resources */,
				216DB6B12D2FDEF3005BF4C2 /* Assets.xcassets in Resources */,
				219F0EAE2D3E8B5C00F69C9B /* community.png in Resources */,
				219F0EB72D4160DD00F69C9B /* logo.png in Resources */,
				219F0EBD2D41DA2B00F69C9B /* logo2.png in Resources */,
				219A070D2D7C055200EA43BA /* 字玩女侠青龙-闪 苍劲(Joyfonts-QinglongGB-Flash-Black).ttf in Resources */,
				219F0EAB2D3E8B5C00F69C9B /* home.png in Resources */,
				219A06AC2D75F83000EA43BA /* minsu.png in Resources */,
				219A07022D7BF6DF00EA43BA /* backView.png in Resources */,
				219F0E9F2D3E843100F69C9B /* jiahao.png in Resources */,
				219A07062D7BF70700EA43BA /* toMap.png in Resources */,
				216DB6B42D2FDEF3005BF4C2 /* Base in Resources */,
				216DB6AF2D2FDEF2005BF4C2 /* Base in Resources */,
			);
			runOnlyForDeploymentPostprocessing = 0;
		};
		216DB6BA2D2FDEF3005BF4C2 /* Resources */ = {
			isa = PBXResourcesBuildPhase;
			buildActionMask = 2147483647;
			files = (
			);
			runOnlyForDeploymentPostprocessing = 0;
		};
		216DB6C42D2FDEF3005BF4C2 /* Resources */ = {
			isa = PBXResourcesBuildPhase;
			buildActionMask = 2147483647;
			files = (
			);
			runOnlyForDeploymentPostprocessing = 0;
		};
/* End PBXResourcesBuildPhase section */

/* Begin PBXShellScriptBuildPhase section */
		6384138B6D9C8C517BA6E96E /* [CP] Check Pods Manifest.lock */ = {
			isa = PBXShellScriptBuildPhase;
			buildActionMask = 2147483647;
			files = (
			);
			inputFileListPaths = (
			);
			inputPaths = (
				"${PODS_PODFILE_DIR_PATH}/Podfile.lock",
				"${PODS_ROOT}/Manifest.lock",
			);
			name = "[CP] Check Pods Manifest.lock";
			outputFileListPaths = (
			);
			outputPaths = (
				"$(DERIVED_FILE_DIR)/Pods-BJ博鉴乡兴通-checkManifestLockResult.txt",
			);
			runOnlyForDeploymentPostprocessing = 0;
			shellPath = /bin/sh;
			shellScript = "diff \"${PODS_PODFILE_DIR_PATH}/Podfile.lock\" \"${PODS_ROOT}/Manifest.lock\" > /dev/null\nif [ $? != 0 ] ; then\n    # print error to STDERR\n    echo \"error: The sandbox is not in sync with the Podfile.lock. Run 'pod install' or update your CocoaPods installation.\" >&2\n    exit 1\nfi\n# This output is used by Xcode 'outputs' to avoid re-running this script phase.\necho \"SUCCESS\" > \"${SCRIPT_OUTPUT_FILE_0}\"\n";
			showEnvVarsInLog = 0;
		};
		B88E00A6E929AFCBC08370EB /* [CP] Copy Pods Resources */ = {
			isa = PBXShellScriptBuildPhase;
			buildActionMask = 2147483647;
			files = (
			);
			inputFileListPaths = (
				"${PODS_ROOT}/Target Support Files/Pods-BJ博鉴乡兴通/Pods-BJ博鉴乡兴通-resources-${CONFIGURATION}-input-files.xcfilelist",
			);
			name = "[CP] Copy Pods Resources";
			outputFileListPaths = (
				"${PODS_ROOT}/Target Support Files/Pods-BJ博鉴乡兴通/Pods-BJ博鉴乡兴通-resources-${CONFIGURATION}-output-files.xcfilelist",
			);
			runOnlyForDeploymentPostprocessing = 0;
			shellPath = /bin/sh;
			shellScript = "\"${PODS_ROOT}/Target Support Files/Pods-BJ博鉴乡兴通/Pods-BJ博鉴乡兴通-resources.sh\"\n";
			showEnvVarsInLog = 0;
		};
/* End PBXShellScriptBuildPhase section */

/* Begin PBXSourcesBuildPhase section */
		216DB69D2D2FDEF2005BF4C2 /* Sources */ = {
			isa = PBXSourcesBuildPhase;
			buildActionMask = 2147483647;
			files = (
				219A069E2D754EF500EA43BA /* BJAnnotation.m in Sources */,
				219F0E902D3E7E5D00F69C9B /* BJShopViewController.m in Sources */,
				219F0EA22D3E848100F69C9B /* BJTabBarController.m in Sources */,
				216DB6AC2D2FDEF2005BF4C2 /* ViewController.m in Sources */,
				216E87132D73FF360027E674 /* BJMapViewController.m in Sources */,
				216DB6A62D2FDEF2005BF4C2 /* AppDelegate.m in Sources */,
				219F0E992D3E7ED200F69C9B /* BJMyPageViewController.m in Sources */,
				219A07092D7BFDA900EA43BA /* BJMyHometownViewController.m in Sources */,
				216DB6B72D2FDEF3005BF4C2 /* main.m in Sources */,
				219A06EF2D79C34B00EA43BA /* BJButtonTableViewCell.m in Sources */,
				219F0EA52D3E849200F69C9B /* BJTabBar.m in Sources */,
				216DB6A92D2FDEF2005BF4C2 /* SceneDelegate.m in Sources */,
				219A069B2D754C6E00EA43BA /* BJAnnotationView.m in Sources */,
				219F0E8D2D3E7E2300F69C9B /* BJHomePageViewController.m in Sources */,
				219F0E962D3E7EC000F69C9B /* BJCommunityViewController.m in Sources */,
				219F0E932D3E7EAC00F69C9B /* BJPostViewController.m in Sources */,
				219A06F62D79EAC800EA43BA /* BJNavigationBar.m in Sources */,
				219F0EBB2D41CEDE00F69C9B /* BJScrollViewTableViewCell.m in Sources */,
				219A06E62D793BB700EA43BA /* BJSearchBar.m in Sources */,
			);
			runOnlyForDeploymentPostprocessing = 0;
		};
		216DB6B82D2FDEF3005BF4C2 /* Sources */ = {
			isa = PBXSourcesBuildPhase;
			buildActionMask = 2147483647;
			files = (
				216DB6C12D2FDEF3005BF4C2 /* BJ_____Tests.m in Sources */,
			);
			runOnlyForDeploymentPostprocessing = 0;
		};
		216DB6C22D2FDEF3005BF4C2 /* Sources */ = {
			isa = PBXSourcesBuildPhase;
			buildActionMask = 2147483647;
			files = (
				216DB6CD2D2FDEF3005BF4C2 /* BJ_____UITestsLaunchTests.m in Sources */,
				216DB6CB2D2FDEF3005BF4C2 /* BJ_____UITests.m in Sources */,
			);
			runOnlyForDeploymentPostprocessing = 0;
		};
/* End PBXSourcesBuildPhase section */

/* Begin PBXTargetDependency section */
		216DB6BE2D2FDEF3005BF4C2 /* PBXTargetDependency */ = {
			isa = PBXTargetDependency;
			target = 216DB6A02D2FDEF2005BF4C2 /* BJ博鉴乡兴通 */;
			targetProxy = 216DB6BD2D2FDEF3005BF4C2 /* PBXContainerItemProxy */;
		};
		216DB6C82D2FDEF3005BF4C2 /* PBXTargetDependency */ = {
			isa = PBXTargetDependency;
			target = 216DB6A02D2FDEF2005BF4C2 /* BJ博鉴乡兴通 */;
			targetProxy = 216DB6C72D2FDEF3005BF4C2 /* PBXContainerItemProxy */;
		};
/* End PBXTargetDependency section */

/* Begin PBXVariantGroup section */
		216DB6AD2D2FDEF2005BF4C2 /* Main.storyboard */ = {
			isa = PBXVariantGroup;
			children = (
				216DB6AE2D2FDEF2005BF4C2 /* Base */,
			);
			name = Main.storyboard;
			sourceTree = "<group>";
		};
		216DB6B22D2FDEF3005BF4C2 /* LaunchScreen.storyboard */ = {
			isa = PBXVariantGroup;
			children = (
				216DB6B32D2FDEF3005BF4C2 /* Base */,
			);
			name = LaunchScreen.storyboard;
			sourceTree = "<group>";
		};
/* End PBXVariantGroup section */

/* Begin XCBuildConfiguration section */
		216DB6CE2D2FDEF3005BF4C2 /* Debug */ = {
			isa = XCBuildConfiguration;
			buildSettings = {
				ALWAYS_SEARCH_USER_PATHS = NO;
				ASSETCATALOG_COMPILER_GENERATE_SWIFT_ASSET_SYMBOL_EXTENSIONS = YES;
				CLANG_ANALYZER_NONNULL = YES;
				CLANG_ANALYZER_NUMBER_OBJECT_CONVERSION = YES_AGGRESSIVE;
				CLANG_CXX_LANGUAGE_STANDARD = "gnu++20";
				CLANG_ENABLE_MODULES = YES;
				CLANG_ENABLE_OBJC_ARC = YES;
				CLANG_ENABLE_OBJC_WEAK = YES;
				CLANG_WARN_BLOCK_CAPTURE_AUTORELEASING = YES;
				CLANG_WARN_BOOL_CONVERSION = YES;
				CLANG_WARN_COMMA = YES;
				CLANG_WARN_CONSTANT_CONVERSION = YES;
				CLANG_WARN_DEPRECATED_OBJC_IMPLEMENTATIONS = YES;
				CLANG_WARN_DIRECT_OBJC_ISA_USAGE = YES_ERROR;
				CLANG_WARN_DOCUMENTATION_COMMENTS = YES;
				CLANG_WARN_EMPTY_BODY = YES;
				CLANG_WARN_ENUM_CONVERSION = YES;
				CLANG_WARN_INFINITE_RECURSION = YES;
				CLANG_WARN_INT_CONVERSION = YES;
				CLANG_WARN_NON_LITERAL_NULL_CONVERSION = YES;
				CLANG_WARN_OBJC_IMPLICIT_RETAIN_SELF = YES;
				CLANG_WARN_OBJC_LITERAL_CONVERSION = YES;
				CLANG_WARN_OBJC_ROOT_CLASS = YES_ERROR;
				CLANG_WARN_QUOTED_INCLUDE_IN_FRAMEWORK_HEADER = YES;
				CLANG_WARN_RANGE_LOOP_ANALYSIS = YES;
				CLANG_WARN_STRICT_PROTOTYPES = YES;
				CLANG_WARN_SUSPICIOUS_MOVE = YES;
				CLANG_WARN_UNGUARDED_AVAILABILITY = YES_AGGRESSIVE;
				CLANG_WARN_UNREACHABLE_CODE = YES;
				CLANG_WARN__DUPLICATE_METHOD_MATCH = YES;
				COPY_PHASE_STRIP = NO;
				DEBUG_INFORMATION_FORMAT = dwarf;
				ENABLE_STRICT_OBJC_MSGSEND = YES;
				ENABLE_TESTABILITY = YES;
				ENABLE_USER_SCRIPT_SANDBOXING = NO;
				GCC_C_LANGUAGE_STANDARD = gnu17;
				GCC_DYNAMIC_NO_PIC = NO;
				GCC_NO_COMMON_BLOCKS = YES;
				GCC_OPTIMIZATION_LEVEL = 0;
				GCC_PREPROCESSOR_DEFINITIONS = (
					"DEBUG=1",
					"$(inherited)",
				);
				GCC_WARN_64_TO_32_BIT_CONVERSION = YES;
				GCC_WARN_ABOUT_RETURN_TYPE = YES_ERROR;
				GCC_WARN_UNDECLARED_SELECTOR = YES;
				GCC_WARN_UNINITIALIZED_AUTOS = YES_AGGRESSIVE;
				GCC_WARN_UNUSED_FUNCTION = YES;
				GCC_WARN_UNUSED_VARIABLE = YES;
				IPHONEOS_DEPLOYMENT_TARGET = 17.5;
				LOCALIZATION_PREFERS_STRING_CATALOGS = YES;
				MTL_ENABLE_DEBUG_INFO = INCLUDE_SOURCE;
				MTL_FAST_MATH = YES;
				ONLY_ACTIVE_ARCH = YES;
				SDKROOT = iphoneos;
			};
			name = Debug;
		};
		216DB6CF2D2FDEF3005BF4C2 /* Release */ = {
			isa = XCBuildConfiguration;
			buildSettings = {
				ALWAYS_SEARCH_USER_PATHS = NO;
				ASSETCATALOG_COMPILER_GENERATE_SWIFT_ASSET_SYMBOL_EXTENSIONS = YES;
				CLANG_ANALYZER_NONNULL = YES;
				CLANG_ANALYZER_NUMBER_OBJECT_CONVERSION = YES_AGGRESSIVE;
				CLANG_CXX_LANGUAGE_STANDARD = "gnu++20";
				CLANG_ENABLE_MODULES = YES;
				CLANG_ENABLE_OBJC_ARC = YES;
				CLANG_ENABLE_OBJC_WEAK = YES;
				CLANG_WARN_BLOCK_CAPTURE_AUTORELEASING = YES;
				CLANG_WARN_BOOL_CONVERSION = YES;
				CLANG_WARN_COMMA = YES;
				CLANG_WARN_CONSTANT_CONVERSION = YES;
				CLANG_WARN_DEPRECATED_OBJC_IMPLEMENTATIONS = YES;
				CLANG_WARN_DIRECT_OBJC_ISA_USAGE = YES_ERROR;
				CLANG_WARN_DOCUMENTATION_COMMENTS = YES;
				CLANG_WARN_EMPTY_BODY = YES;
				CLANG_WARN_ENUM_CONVERSION = YES;
				CLANG_WARN_INFINITE_RECURSION = YES;
				CLANG_WARN_INT_CONVERSION = YES;
				CLANG_WARN_NON_LITERAL_NULL_CONVERSION = YES;
				CLANG_WARN_OBJC_IMPLICIT_RETAIN_SELF = YES;
				CLANG_WARN_OBJC_LITERAL_CONVERSION = YES;
				CLANG_WARN_OBJC_ROOT_CLASS = YES_ERROR;
				CLANG_WARN_QUOTED_INCLUDE_IN_FRAMEWORK_HEADER = YES;
				CLANG_WARN_RANGE_LOOP_ANALYSIS = YES;
				CLANG_WARN_STRICT_PROTOTYPES = YES;
				CLANG_WARN_SUSPICIOUS_MOVE = YES;
				CLANG_WARN_UNGUARDED_AVAILABILITY = YES_AGGRESSIVE;
				CLANG_WARN_UNREACHABLE_CODE = YES;
				CLANG_WARN__DUPLICATE_METHOD_MATCH = YES;
				COPY_PHASE_STRIP = NO;
				DEBUG_INFORMATION_FORMAT = "dwarf-with-dsym";
				ENABLE_NS_ASSERTIONS = NO;
				ENABLE_STRICT_OBJC_MSGSEND = YES;
				ENABLE_USER_SCRIPT_SANDBOXING = NO;
				GCC_C_LANGUAGE_STANDARD = gnu17;
				GCC_NO_COMMON_BLOCKS = YES;
				GCC_WARN_64_TO_32_BIT_CONVERSION = YES;
				GCC_WARN_ABOUT_RETURN_TYPE = YES_ERROR;
				GCC_WARN_UNDECLARED_SELECTOR = YES;
				GCC_WARN_UNINITIALIZED_AUTOS = YES_AGGRESSIVE;
				GCC_WARN_UNUSED_FUNCTION = YES;
				GCC_WARN_UNUSED_VARIABLE = YES;
				IPHONEOS_DEPLOYMENT_TARGET = 17.5;
				LOCALIZATION_PREFERS_STRING_CATALOGS = YES;
				MTL_ENABLE_DEBUG_INFO = NO;
				MTL_FAST_MATH = YES;
				SDKROOT = iphoneos;
				VALIDATE_PRODUCT = YES;
			};
			name = Release;
		};
		216DB6D12D2FDEF3005BF4C2 /* Debug */ = {
			isa = XCBuildConfiguration;
			baseConfigurationReference = AAE3039BA091A97AB111073F /* Pods-BJ博鉴乡兴通.debug.xcconfig */;
			buildSettings = {
				ASSETCATALOG_COMPILER_APPICON_NAME = AppIcon;
				ASSETCATALOG_COMPILER_GLOBAL_ACCENT_COLOR_NAME = AccentColor;
				CODE_SIGN_STYLE = Automatic;
				CURRENT_PROJECT_VERSION = 1;
				DEVELOPMENT_TEAM = 4WJS482H6C;
				GENERATE_INFOPLIST_FILE = YES;
				INFOPLIST_FILE = "BJ博鉴乡兴通/Info.plist";
				INFOPLIST_KEY_UIApplicationSupportsIndirectInputEvents = YES;
				INFOPLIST_KEY_UILaunchStoryboardName = LaunchScreen;
				INFOPLIST_KEY_UIMainStoryboardFile = Main;
				INFOPLIST_KEY_UISupportedInterfaceOrientations_iPad = "UIInterfaceOrientationPortrait UIInterfaceOrientationPortraitUpsideDown UIInterfaceOrientationLandscapeLeft UIInterfaceOrientationLandscapeRight";
				INFOPLIST_KEY_UISupportedInterfaceOrientations_iPhone = "UIInterfaceOrientationPortrait UIInterfaceOrientationLandscapeLeft UIInterfaceOrientationLandscapeRight";
				IPHONEOS_DEPLOYMENT_TARGET = 16.6;
				LD_RUNPATH_SEARCH_PATHS = (
					"$(inherited)",
					"@executable_path/Frameworks",
				);
				MARKETING_VERSION = 1.0;
				PRODUCT_BUNDLE_IDENTIFIER = "JC.BJ-----";
				PRODUCT_NAME = "$(TARGET_NAME)";
				SWIFT_EMIT_LOC_STRINGS = YES;
				TARGETED_DEVICE_FAMILY = "1,2";
			};
			name = Debug;
		};
		216DB6D22D2FDEF3005BF4C2 /* Release */ = {
			isa = XCBuildConfiguration;
			baseConfigurationReference = EFB8F9864B0D050C6D268266 /* Pods-BJ博鉴乡兴通.release.xcconfig */;
			buildSettings = {
				ASSETCATALOG_COMPILER_APPICON_NAME = AppIcon;
				ASSETCATALOG_COMPILER_GLOBAL_ACCENT_COLOR_NAME = AccentColor;
				CODE_SIGN_STYLE = Automatic;
				CURRENT_PROJECT_VERSION = 1;
				DEVELOPMENT_TEAM = 4WJS482H6C;
				GENERATE_INFOPLIST_FILE = YES;
				INFOPLIST_FILE = "BJ博鉴乡兴通/Info.plist";
				INFOPLIST_KEY_UIApplicationSupportsIndirectInputEvents = YES;
				INFOPLIST_KEY_UILaunchStoryboardName = LaunchScreen;
				INFOPLIST_KEY_UIMainStoryboardFile = Main;
				INFOPLIST_KEY_UISupportedInterfaceOrientations_iPad = "UIInterfaceOrientationPortrait UIInterfaceOrientationPortraitUpsideDown UIInterfaceOrientationLandscapeLeft UIInterfaceOrientationLandscapeRight";
				INFOPLIST_KEY_UISupportedInterfaceOrientations_iPhone = "UIInterfaceOrientationPortrait UIInterfaceOrientationLandscapeLeft UIInterfaceOrientationLandscapeRight";
				IPHONEOS_DEPLOYMENT_TARGET = 16.6;
				LD_RUNPATH_SEARCH_PATHS = (
					"$(inherited)",
					"@executable_path/Frameworks",
				);
				MARKETING_VERSION = 1.0;
				PRODUCT_BUNDLE_IDENTIFIER = "JC.BJ-----";
				PRODUCT_NAME = "$(TARGET_NAME)";
				SWIFT_EMIT_LOC_STRINGS = YES;
				TARGETED_DEVICE_FAMILY = "1,2";
			};
			name = Release;
		};
		216DB6D42D2FDEF3005BF4C2 /* Debug */ = {
			isa = XCBuildConfiguration;
			buildSettings = {
				BUNDLE_LOADER = "$(TEST_HOST)";
				CODE_SIGN_STYLE = Automatic;
				CURRENT_PROJECT_VERSION = 1;
				GENERATE_INFOPLIST_FILE = YES;
				IPHONEOS_DEPLOYMENT_TARGET = 17.5;
				MARKETING_VERSION = 1.0;
				PRODUCT_BUNDLE_IDENTIFIER = "JC.BJ-----Tests";
				PRODUCT_NAME = "$(TARGET_NAME)";
				SWIFT_EMIT_LOC_STRINGS = NO;
				TARGETED_DEVICE_FAMILY = "1,2";
				TEST_HOST = "$(BUILT_PRODUCTS_DIR)/BJ博鉴乡兴通.app/$(BUNDLE_EXECUTABLE_FOLDER_PATH)/BJ博鉴乡兴通";
			};
			name = Debug;
		};
		216DB6D52D2FDEF3005BF4C2 /* Release */ = {
			isa = XCBuildConfiguration;
			buildSettings = {
				BUNDLE_LOADER = "$(TEST_HOST)";
				CODE_SIGN_STYLE = Automatic;
				CURRENT_PROJECT_VERSION = 1;
				GENERATE_INFOPLIST_FILE = YES;
				IPHONEOS_DEPLOYMENT_TARGET = 17.5;
				MARKETING_VERSION = 1.0;
				PRODUCT_BUNDLE_IDENTIFIER = "JC.BJ-----Tests";
				PRODUCT_NAME = "$(TARGET_NAME)";
				SWIFT_EMIT_LOC_STRINGS = NO;
				TARGETED_DEVICE_FAMILY = "1,2";
				TEST_HOST = "$(BUILT_PRODUCTS_DIR)/BJ博鉴乡兴通.app/$(BUNDLE_EXECUTABLE_FOLDER_PATH)/BJ博鉴乡兴通";
			};
			name = Release;
		};
		216DB6D72D2FDEF3005BF4C2 /* Debug */ = {
			isa = XCBuildConfiguration;
			buildSettings = {
				CODE_SIGN_STYLE = Automatic;
				CURRENT_PROJECT_VERSION = 1;
				GENERATE_INFOPLIST_FILE = YES;
				MARKETING_VERSION = 1.0;
				PRODUCT_BUNDLE_IDENTIFIER = "JC.BJ-----UITests";
				PRODUCT_NAME = "$(TARGET_NAME)";
				SWIFT_EMIT_LOC_STRINGS = NO;
				TARGETED_DEVICE_FAMILY = "1,2";
				TEST_TARGET_NAME = "BJ博鉴乡兴通";
			};
			name = Debug;
		};
		216DB6D82D2FDEF3005BF4C2 /* Release */ = {
			isa = XCBuildConfiguration;
			buildSettings = {
				CODE_SIGN_STYLE = Automatic;
				CURRENT_PROJECT_VERSION = 1;
				GENERATE_INFOPLIST_FILE = YES;
				MARKETING_VERSION = 1.0;
				PRODUCT_BUNDLE_IDENTIFIER = "JC.BJ-----UITests";
				PRODUCT_NAME = "$(TARGET_NAME)";
				SWIFT_EMIT_LOC_STRINGS = NO;
				TARGETED_DEVICE_FAMILY = "1,2";
				TEST_TARGET_NAME = "BJ博鉴乡兴通";
			};
			name = Release;
		};
/* End XCBuildConfiguration section */

/* Begin XCConfigurationList section */
		216DB69C2D2FDEF2005BF4C2 /* Build configuration list for PBXProject "BJ博鉴乡兴通" */ = {
			isa = XCConfigurationList;
			buildConfigurations = (
				216DB6CE2D2FDEF3005BF4C2 /* Debug */,
				216DB6CF2D2FDEF3005BF4C2 /* Release */,
			);
			defaultConfigurationIsVisible = 0;
			defaultConfigurationName = Release;
		};
		216DB6D02D2FDEF3005BF4C2 /* Build configuration list for PBXNativeTarget "BJ博鉴乡兴通" */ = {
			isa = XCConfigurationList;
			buildConfigurations = (
				216DB6D12D2FDEF3005BF4C2 /* Debug */,
				216DB6D22D2FDEF3005BF4C2 /* Release */,
			);
			defaultConfigurationIsVisible = 0;
			defaultConfigurationName = Release;
		};
		216DB6D32D2FDEF3005BF4C2 /* Build configuration list for PBXNativeTarget "BJ博鉴乡兴通Tests" */ = {
			isa = XCConfigurationList;
			buildConfigurations = (
				216DB6D42D2FDEF3005BF4C2 /* Debug */,
				216DB6D52D2FDEF3005BF4C2 /* Release */,
			);
			defaultConfigurationIsVisible = 0;
			defaultConfigurationName = Release;
		};
		216DB6D62D2FDEF3005BF4C2 /* Build configuration list for PBXNativeTarget "BJ博鉴乡兴通UITests" */ = {
			isa = XCConfigurationList;
			buildConfigurations = (
				216DB6D72D2FDEF3005BF4C2 /* Debug */,
				216DB6D82D2FDEF3005BF4C2 /* Release */,
			);
			defaultConfigurationIsVisible = 0;
			defaultConfigurationName = Release;
		};
/* End XCConfigurationList section */
	};
	rootObject = 216DB6992D2FDEF2005BF4C2 /* Project object */;
}
