// !$*UTF8*$!
{
	archiveVersion = 1;
	classes = {
	};
	objectVersion = 56;
	objects = {

/* Begin PBXBuildFile section */
		216DB6A62D2FDEF2005BF4C2 /* AppDelegate.m in Sources */ = {isa = PBXBuildFile; fileRef = 216DB6A52D2FDEF2005BF4C2 /* AppDelegate.m */; };
		216DB6A92D2FDEF2005BF4C2 /* SceneDelegate.m in Sources */ = {isa = PBXBuildFile; fileRef = 216DB6A82D2FDEF2005BF4C2 /* SceneDelegate.m */; };
		216DB6AC2D2FDEF2005BF4C2 /* ViewController.m in Sources */ = {isa = PBXBuildFile; fileRef = 216DB6AB2D2FDEF2005BF4C2 /* ViewController.m */; };
		216DB6AF2D2FDEF2005BF4C2 /* Base in Resources */ = {isa = PBXBuildFile; fileRef = 216DB6AE2D2FDEF2005BF4C2 /* Base */; };
		216DB6B12D2FDEF3005BF4C2 /* Assets.xcassets in Resources */ = {isa = PBXBuildFile; fileRef = 216DB6B02D2FDEF3005BF4C2 /* Assets.xcassets */; };
		216DB6B42D2FDEF3005BF4C2 /* Base in Resources */ = {isa = PBXBuildFile; fileRef = 216DB6B32D2FDEF3005BF4C2 /* Base */; };
		216DB6B72D2FDEF3005BF4C2 /* main.m in Sources */ = {isa = PBXBuildFile; fileRef = 216DB6B62D2FDEF3005BF4C2 /* main.m */; };
		216DB6C12D2FDEF3005BF4C2 /* BJ_____Tests.m in Sources */ = {isa = PBXBuildFile; fileRef = 216DB6C02D2FDEF3005BF4C2 /* BJ_____Tests.m */; };
		216DB6CB2D2FDEF3005BF4C2 /* BJ_____UITests.m in Sources */ = {isa = PBXBuildFile; fileRef = 216DB6CA2D2FDEF3005BF4C2 /* BJ_____UITests.m */; };
		216DB6CD2D2FDEF3005BF4C2 /* BJ_____UITestsLaunchTests.m in Sources */ = {isa = PBXBuildFile; fileRef = 216DB6CC2D2FDEF3005BF4C2 /* BJ_____UITestsLaunchTests.m */; };
		216E87132D73FF360027E674 /* BJMapViewController.m in Sources */ = {isa = PBXBuildFile; fileRef = 216E87122D73FF360027E674 /* BJMapViewController.m */; };
		219A069B2D754C6E00EA43BA /* BJAnnotationView.m in Sources */ = {isa = PBXBuildFile; fileRef = 219A069A2D754C6E00EA43BA /* BJAnnotationView.m */; };
		219A069E2D754EF500EA43BA /* BJAnnotation.m in Sources */ = {isa = PBXBuildFile; fileRef = 219A069D2D754EF500EA43BA /* BJAnnotation.m */; };
		219A06AC2D75F83000EA43BA /* minsu.png in Resources */ = {isa = PBXBuildFile; fileRef = 219A06AB2D75F83000EA43BA /* minsu.png */; };
		219F0E8D2D3E7E2300F69C9B /* BJHomePageViewController.m in Sources */ = {isa = PBXBuildFile; fileRef = 219F0E8C2D3E7E2200F69C9B /* BJHomePageViewController.m */; };
		219F0E902D3E7E5D00F69C9B /* BJShopViewController.m in Sources */ = {isa = PBXBuildFile; fileRef = 219F0E8F2D3E7E5D00F69C9B /* BJShopViewController.m */; };
		219F0E932D3E7EAC00F69C9B /* BJPostViewController.m in Sources */ = {isa = PBXBuildFile; fileRef = 219F0E922D3E7EAC00F69C9B /* BJPostViewController.m */; };
		219F0E962D3E7EC000F69C9B /* BJCommunityViewController.m in Sources */ = {isa = PBXBuildFile; fileRef = 219F0E952D3E7EC000F69C9B /* BJCommunityViewController.m */; };
		219F0E992D3E7ED200F69C9B /* BJMyPageViewController.m in Sources */ = {isa = PBXBuildFile; fileRef = 219F0E982D3E7ED200F69C9B /* BJMyPageViewController.m */; };
		219F0E9F2D3E843100F69C9B /* jiahao.png in Resources */ = {isa = PBXBuildFile; fileRef = 219F0E9E2D3E843100F69C9B /* jiahao.png */; };
		219F0EA22D3E848100F69C9B /* BJTabBarController.m in Sources */ = {isa = PBXBuildFile; fileRef = 219F0EA12D3E848100F69C9B /* BJTabBarController.m */; };
		219F0EA52D3E849200F69C9B /* BJTabBar.m in Sources */ = {isa = PBXBuildFile; fileRef = 219F0EA42D3E849200F69C9B /* BJTabBar.m */; };
		219F0EAB2D3E8B5C00F69C9B /* home.png in Resources */ = {isa = PBXBuildFile; fileRef = 219F0EA62D3E8B5B00F69C9B /* home.png */; };
		219F0EAD2D3E8B5C00F69C9B /* myPage.png in Resources */ = {isa = PBXBuildFile; fileRef = 219F0EA82D3E8B5C00F69C9B /* myPage.png */; };
		219F0EAE2D3E8B5C00F69C9B /* community.png in Resources */ = {isa = PBXBuildFile; fileRef = 219F0EA92D3E8B5C00F69C9B /* community.png */; };
		219F0EAF2D3E8B5C00F69C9B /* shop.png in Resources */ = {isa = PBXBuildFile; fileRef = 219F0EAA2D3E8B5C00F69C9B /* shop.png */; };
		219F0EB72D4160DD00F69C9B /* logo.png in Resources */ = {isa = PBXBuildFile; fileRef = 219F0EB62D4160DD00F69C9B /* logo.png */; };
		219F0EBB2D41CEDE00F69C9B /* BJScrollViewTableViewCell.m in Sources */ = {isa = PBXBuildFile; fileRef = 219F0EBA2D41CEDE00F69C9B /* BJScrollViewTableViewCell.m */; };
		219F0EBD2D41DA2B00F69C9B /* logo2.png in Resources */ = {isa = PBXBuildFile; fileRef = 219F0EBC2D41DA2B00F69C9B /* logo2.png */; };
		2707B9E64770065027B653A9 /* libPods-BJ博鉴乡兴通.a in Frameworks */ = {isa = PBXBuildFile; fileRef = 1C9BCFB67B8FE7DD9598BE59 /* libPods-BJ博鉴乡兴通.a */; };
		E98B0C562D6C933000439CCE /* BJInvitationSubCommentsTableViewCell.m in Sources */ = {isa = PBXBuildFile; fileRef = E98B0C552D6C933000439CCE /* BJInvitationSubCommentsTableViewCell.m */; };
		E98B0C5A2D6CA40D00439CCE /* CommentsModel.m in Sources */ = {isa = PBXBuildFile; fileRef = E98B0C592D6CA40D00439CCE /* CommentsModel.m */; };
		E98B0C5D2D6CA41A00439CCE /* SubCommentsModel.m in Sources */ = {isa = PBXBuildFile; fileRef = E98B0C5C2D6CA41A00439CCE /* SubCommentsModel.m */; };
		E98B0C632D6F5AEC00439CCE /* BJPlayerScrollerViewController.m in Sources */ = {isa = PBXBuildFile; fileRef = E98B0C622D6F5AEC00439CCE /* BJPlayerScrollerViewController.m */; };
		E98B0C662D7068B800439CCE /* BJPostView.m in Sources */ = {isa = PBXBuildFile; fileRef = E98B0C652D7068B800439CCE /* BJPostView.m */; };
		E98B0C692D70697400439CCE /* BJPostTableViewCell.m in Sources */ = {isa = PBXBuildFile; fileRef = E98B0C682D70697400439CCE /* BJPostTableViewCell.m */; };
		E98B0C6C2D707ACD00439CCE /* BJPostImageViewController.m in Sources */ = {isa = PBXBuildFile; fileRef = E98B0C6B2D707ACD00439CCE /* BJPostImageViewController.m */; };
		E98B0C712D70858600439CCE /* BJLoginViewController.m in Sources */ = {isa = PBXBuildFile; fileRef = E98B0C702D70858600439CCE /* BJLoginViewController.m */; };
		E98B0C742D70867A00439CCE /* BJUserModel.m in Sources */ = {isa = PBXBuildFile; fileRef = E98B0C732D70867A00439CCE /* BJUserModel.m */; };
		E98B0C772D70875E00439CCE /* BJLoginViewModel.m in Sources */ = {isa = PBXBuildFile; fileRef = E98B0C762D70875E00439CCE /* BJLoginViewModel.m */; };
		E98B0C7A2D72F9B900439CCE /* BJRegisterViewController.m in Sources */ = {isa = PBXBuildFile; fileRef = E98B0C792D72F9B900439CCE /* BJRegisterViewController.m */; };
		E98B0C7D2D72FE3C00439CCE /* BJUserRegisterModel.m in Sources */ = {isa = PBXBuildFile; fileRef = E98B0C7C2D72FE3C00439CCE /* BJUserRegisterModel.m */; };
		E98B0CC42D733FE000439CCE /* BJRegisterViewModel.m in Sources */ = {isa = PBXBuildFile; fileRef = E98B0CC32D733FDF00439CCE /* BJRegisterViewModel.m */; };
		E98B0CC72D7344C600439CCE /* BJRegisterSuccessModel.m in Sources */ = {isa = PBXBuildFile; fileRef = E98B0CC62D7344C600439CCE /* BJRegisterSuccessModel.m */; };
		E98B0CCA2D73455600439CCE /* BJSuccessModel.m in Sources */ = {isa = PBXBuildFile; fileRef = E98B0CC92D73455600439CCE /* BJSuccessModel.m */; };
		E98B0CCD2D73466100439CCE /* BJDataModel.m in Sources */ = {isa = PBXBuildFile; fileRef = E98B0CCC2D73466100439CCE /* BJDataModel.m */; };
		E9CBA33E2D78950C00113436 /* annotation.jpg in Resources */ = {isa = PBXBuildFile; fileRef = E9CBA33D2D78950C00113436 /* annotation.jpg */; };
		E9F8F0E12D40CB720040ABA6 /* BJCommunityUIColectionViewFlowLayout.m in Sources */ = {isa = PBXBuildFile; fileRef = E9F8F0E02D40CB710040ABA6 /* BJCommunityUIColectionViewFlowLayout.m */; };
		E9F8F0E52D40EFBF0040ABA6 /* BJMainCommunityView.m in Sources */ = {isa = PBXBuildFile; fileRef = E9F8F0E42D40EFBE0040ABA6 /* BJMainCommunityView.m */; };
		E9F8F0EC2D4A220B0040ABA6 /* BJCommityCollectionViewCell.m in Sources */ = {isa = PBXBuildFile; fileRef = E9F8F0EB2D4A220B0040ABA6 /* BJCommityCollectionViewCell.m */; };
		E9F8F0F02D4FA53D0040ABA6 /* likes.png in Resources */ = {isa = PBXBuildFile; fileRef = E9F8F0EF2D4FA53D0040ABA6 /* likes.png */; };
		E9F8F0F32D4FB0FD0040ABA6 /* BJInvitationViewController.m in Sources */ = {isa = PBXBuildFile; fileRef = E9F8F0F22D4FB0FC0040ABA6 /* BJInvitationViewController.m */; };
		E9F8F0F52D5078AE0040ABA6 /* WechatIMG17.jpg in Resources */ = {isa = PBXBuildFile; fileRef = E9F8F0F42D5078AE0040ABA6 /* WechatIMG17.jpg */; };
		E9F8F1332D54CCA40040ABA6 /* BJInvitationView.m in Sources */ = {isa = PBXBuildFile; fileRef = E9F8F1322D54CCA40040ABA6 /* BJInvitationView.m */; };
		E9F8F1362D54CD2B0040ABA6 /* BJInvitationTableViewCell.m in Sources */ = {isa = PBXBuildFile; fileRef = E9F8F1352D54CD2B0040ABA6 /* BJInvitationTableViewCell.m */; };
		E9F8F1392D54CEA60040ABA6 /* BJInvitationHeaderTableViewCell.m in Sources */ = {isa = PBXBuildFile; fileRef = E9F8F1382D54CEA60040ABA6 /* BJInvitationHeaderTableViewCell.m */; };
		E9F8F13C2D54D29E0040ABA6 /* BJInvitationTopContentView.m in Sources */ = {isa = PBXBuildFile; fileRef = E9F8F13A2D54D29E0040ABA6 /* BJInvitationTopContentView.m */; };
/* End PBXBuildFile section */

/* Begin PBXContainerItemProxy section */
		216DB6BD2D2FDEF3005BF4C2 /* PBXContainerItemProxy */ = {
			isa = PBXContainerItemProxy;
			containerPortal = 216DB6992D2FDEF2005BF4C2 /* Project object */;
			proxyType = 1;
			remoteGlobalIDString = 216DB6A02D2FDEF2005BF4C2;
			remoteInfo = "BJ博鉴乡兴通";
		};
		216DB6C72D2FDEF3005BF4C2 /* PBXContainerItemProxy */ = {
			isa = PBXContainerItemProxy;
			containerPortal = 216DB6992D2FDEF2005BF4C2 /* Project object */;
			proxyType = 1;
			remoteGlobalIDString = 216DB6A02D2FDEF2005BF4C2;
			remoteInfo = "BJ博鉴乡兴通";
		};
/* End PBXContainerItemProxy section */

/* Begin PBXFileReference section */
		1C9BCFB67B8FE7DD9598BE59 /* libPods-BJ博鉴乡兴通.a */ = {isa = PBXFileReference; explicitFileType = archive.ar; includeInIndex = 0; path = "libPods-BJ博鉴乡兴通.a"; sourceTree = BUILT_PRODUCTS_DIR; };
		216DB6A12D2FDEF2005BF4C2 /* BJ博鉴乡兴通.app */ = {isa = PBXFileReference; explicitFileType = wrapper.application; includeInIndex = 0; path = "BJ博鉴乡兴通.app"; sourceTree = BUILT_PRODUCTS_DIR; };
		216DB6A42D2FDEF2005BF4C2 /* AppDelegate.h */ = {isa = PBXFileReference; lastKnownFileType = sourcecode.c.h; path = AppDelegate.h; sourceTree = "<group>"; };
		216DB6A52D2FDEF2005BF4C2 /* AppDelegate.m */ = {isa = PBXFileReference; lastKnownFileType = sourcecode.c.objc; path = AppDelegate.m; sourceTree = "<group>"; };
		216DB6A72D2FDEF2005BF4C2 /* SceneDelegate.h */ = {isa = PBXFileReference; lastKnownFileType = sourcecode.c.h; path = SceneDelegate.h; sourceTree = "<group>"; };
		216DB6A82D2FDEF2005BF4C2 /* SceneDelegate.m */ = {isa = PBXFileReference; lastKnownFileType = sourcecode.c.objc; path = SceneDelegate.m; sourceTree = "<group>"; };
		216DB6AA2D2FDEF2005BF4C2 /* ViewController.h */ = {isa = PBXFileReference; lastKnownFileType = sourcecode.c.h; path = ViewController.h; sourceTree = "<group>"; };
		216DB6AB2D2FDEF2005BF4C2 /* ViewController.m */ = {isa = PBXFileReference; lastKnownFileType = sourcecode.c.objc; path = ViewController.m; sourceTree = "<group>"; };
		216DB6AE2D2FDEF2005BF4C2 /* Base */ = {isa = PBXFileReference; lastKnownFileType = file.storyboard; name = Base; path = Base.lproj/Main.storyboard; sourceTree = "<group>"; };
		216DB6B02D2FDEF3005BF4C2 /* Assets.xcassets */ = {isa = PBXFileReference; lastKnownFileType = folder.assetcatalog; path = Assets.xcassets; sourceTree = "<group>"; };
		216DB6B32D2FDEF3005BF4C2 /* Base */ = {isa = PBXFileReference; lastKnownFileType = file.storyboard; name = Base; path = Base.lproj/LaunchScreen.storyboard; sourceTree = "<group>"; };
		216DB6B52D2FDEF3005BF4C2 /* Info.plist */ = {isa = PBXFileReference; lastKnownFileType = text.plist.xml; path = Info.plist; sourceTree = "<group>"; };
		216DB6B62D2FDEF3005BF4C2 /* main.m */ = {isa = PBXFileReference; lastKnownFileType = sourcecode.c.objc; path = main.m; sourceTree = "<group>"; };
		216DB6BC2D2FDEF3005BF4C2 /* BJ博鉴乡兴通Tests.xctest */ = {isa = PBXFileReference; explicitFileType = wrapper.cfbundle; includeInIndex = 0; path = "BJ博鉴乡兴通Tests.xctest"; sourceTree = BUILT_PRODUCTS_DIR; };
		216DB6C02D2FDEF3005BF4C2 /* BJ_____Tests.m */ = {isa = PBXFileReference; lastKnownFileType = sourcecode.c.objc; path = "BJ_____Tests.m"; sourceTree = "<group>"; };
		216DB6C62D2FDEF3005BF4C2 /* BJ博鉴乡兴通UITests.xctest */ = {isa = PBXFileReference; explicitFileType = wrapper.cfbundle; includeInIndex = 0; path = "BJ博鉴乡兴通UITests.xctest"; sourceTree = BUILT_PRODUCTS_DIR; };
		216DB6CA2D2FDEF3005BF4C2 /* BJ_____UITests.m */ = {isa = PBXFileReference; lastKnownFileType = sourcecode.c.objc; path = "BJ_____UITests.m"; sourceTree = "<group>"; };
		216DB6CC2D2FDEF3005BF4C2 /* BJ_____UITestsLaunchTests.m */ = {isa = PBXFileReference; lastKnownFileType = sourcecode.c.objc; path = "BJ_____UITestsLaunchTests.m"; sourceTree = "<group>"; };
		216E87112D73FF360027E674 /* BJMapViewController.h */ = {isa = PBXFileReference; lastKnownFileType = sourcecode.c.h; path = BJMapViewController.h; sourceTree = "<group>"; };
		216E87122D73FF360027E674 /* BJMapViewController.m */ = {isa = PBXFileReference; lastKnownFileType = sourcecode.c.objc; path = BJMapViewController.m; sourceTree = "<group>"; };
		219A06992D754C6E00EA43BA /* BJAnnotationView.h */ = {isa = PBXFileReference; lastKnownFileType = sourcecode.c.h; path = BJAnnotationView.h; sourceTree = "<group>"; };
		219A069A2D754C6E00EA43BA /* BJAnnotationView.m */ = {isa = PBXFileReference; lastKnownFileType = sourcecode.c.objc; path = BJAnnotationView.m; sourceTree = "<group>"; };
		219A069C2D754EF500EA43BA /* BJAnnotation.h */ = {isa = PBXFileReference; lastKnownFileType = sourcecode.c.h; path = BJAnnotation.h; sourceTree = "<group>"; };
		219A069D2D754EF500EA43BA /* BJAnnotation.m */ = {isa = PBXFileReference; lastKnownFileType = sourcecode.c.objc; path = BJAnnotation.m; sourceTree = "<group>"; };
		219A06AB2D75F83000EA43BA /* minsu.png */ = {isa = PBXFileReference; lastKnownFileType = image.png; path = minsu.png; sourceTree = "<group>"; };
		219F0E8B2D3E7E2200F69C9B /* BJHomePageViewController.h */ = {isa = PBXFileReference; lastKnownFileType = sourcecode.c.h; path = BJHomePageViewController.h; sourceTree = "<group>"; };
		219F0E8C2D3E7E2200F69C9B /* BJHomePageViewController.m */ = {isa = PBXFileReference; lastKnownFileType = sourcecode.c.objc; path = BJHomePageViewController.m; sourceTree = "<group>"; };
		219F0E8E2D3E7E5D00F69C9B /* BJShopViewController.h */ = {isa = PBXFileReference; lastKnownFileType = sourcecode.c.h; path = BJShopViewController.h; sourceTree = "<group>"; };
		219F0E8F2D3E7E5D00F69C9B /* BJShopViewController.m */ = {isa = PBXFileReference; lastKnownFileType = sourcecode.c.objc; path = BJShopViewController.m; sourceTree = "<group>"; };
		219F0E912D3E7EAC00F69C9B /* BJPostViewController.h */ = {isa = PBXFileReference; lastKnownFileType = sourcecode.c.h; path = BJPostViewController.h; sourceTree = "<group>"; };
		219F0E922D3E7EAC00F69C9B /* BJPostViewController.m */ = {isa = PBXFileReference; lastKnownFileType = sourcecode.c.objc; path = BJPostViewController.m; sourceTree = "<group>"; };
		219F0E942D3E7EC000F69C9B /* BJCommunityViewController.h */ = {isa = PBXFileReference; lastKnownFileType = sourcecode.c.h; path = BJCommunityViewController.h; sourceTree = "<group>"; };
		219F0E952D3E7EC000F69C9B /* BJCommunityViewController.m */ = {isa = PBXFileReference; lastKnownFileType = sourcecode.c.objc; path = BJCommunityViewController.m; sourceTree = "<group>"; };
		219F0E972D3E7ED200F69C9B /* BJMyPageViewController.h */ = {isa = PBXFileReference; lastKnownFileType = sourcecode.c.h; path = BJMyPageViewController.h; sourceTree = "<group>"; };
		219F0E982D3E7ED200F69C9B /* BJMyPageViewController.m */ = {isa = PBXFileReference; lastKnownFileType = sourcecode.c.objc; path = BJMyPageViewController.m; sourceTree = "<group>"; };
		219F0E9E2D3E843100F69C9B /* jiahao.png */ = {isa = PBXFileReference; lastKnownFileType = image.png; path = jiahao.png; sourceTree = "<group>"; };
		219F0EA02D3E848100F69C9B /* BJTabBarController.h */ = {isa = PBXFileReference; lastKnownFileType = sourcecode.c.h; path = BJTabBarController.h; sourceTree = "<group>"; };
		219F0EA12D3E848100F69C9B /* BJTabBarController.m */ = {isa = PBXFileReference; lastKnownFileType = sourcecode.c.objc; path = BJTabBarController.m; sourceTree = "<group>"; };
		219F0EA32D3E849200F69C9B /* BJTabBar.h */ = {isa = PBXFileReference; lastKnownFileType = sourcecode.c.h; path = BJTabBar.h; sourceTree = "<group>"; };
		219F0EA42D3E849200F69C9B /* BJTabBar.m */ = {isa = PBXFileReference; lastKnownFileType = sourcecode.c.objc; path = BJTabBar.m; sourceTree = "<group>"; };
		219F0EA62D3E8B5B00F69C9B /* home.png */ = {isa = PBXFileReference; lastKnownFileType = image.png; path = home.png; sourceTree = "<group>"; };
		219F0EA82D3E8B5C00F69C9B /* myPage.png */ = {isa = PBXFileReference; lastKnownFileType = image.png; path = myPage.png; sourceTree = "<group>"; };
		219F0EA92D3E8B5C00F69C9B /* community.png */ = {isa = PBXFileReference; lastKnownFileType = image.png; path = community.png; sourceTree = "<group>"; };
		219F0EAA2D3E8B5C00F69C9B /* shop.png */ = {isa = PBXFileReference; lastKnownFileType = image.png; path = shop.png; sourceTree = "<group>"; };
		219F0EB62D4160DD00F69C9B /* logo.png */ = {isa = PBXFileReference; lastKnownFileType = image.png; path = logo.png; sourceTree = "<group>"; };
		219F0EB92D41CEDE00F69C9B /* BJScrollViewTableViewCell.h */ = {isa = PBXFileReference; lastKnownFileType = sourcecode.c.h; path = BJScrollViewTableViewCell.h; sourceTree = "<group>"; };
		219F0EBA2D41CEDE00F69C9B /* BJScrollViewTableViewCell.m */ = {isa = PBXFileReference; lastKnownFileType = sourcecode.c.objc; path = BJScrollViewTableViewCell.m; sourceTree = "<group>"; };
		219F0EBC2D41DA2B00F69C9B /* logo2.png */ = {isa = PBXFileReference; lastKnownFileType = image.png; path = logo2.png; sourceTree = "<group>"; };
		AAE3039BA091A97AB111073F /* Pods-BJ博鉴乡兴通.debug.xcconfig */ = {isa = PBXFileReference; includeInIndex = 1; lastKnownFileType = text.xcconfig; name = "Pods-BJ博鉴乡兴通.debug.xcconfig"; path = "Target Support Files/Pods-BJ博鉴乡兴通/Pods-BJ博鉴乡兴通.debug.xcconfig"; sourceTree = "<group>"; };
		E98B0C542D6C933000439CCE /* BJInvitationSubCommentsTableViewCell.h */ = {isa = PBXFileReference; lastKnownFileType = sourcecode.c.h; path = BJInvitationSubCommentsTableViewCell.h; sourceTree = "<group>"; };
		E98B0C552D6C933000439CCE /* BJInvitationSubCommentsTableViewCell.m */ = {isa = PBXFileReference; lastKnownFileType = sourcecode.c.objc; path = BJInvitationSubCommentsTableViewCell.m; sourceTree = "<group>"; };
		E98B0C582D6CA40D00439CCE /* CommentsModel.h */ = {isa = PBXFileReference; lastKnownFileType = sourcecode.c.h; path = CommentsModel.h; sourceTree = "<group>"; };
		E98B0C592D6CA40D00439CCE /* CommentsModel.m */ = {isa = PBXFileReference; lastKnownFileType = sourcecode.c.objc; path = CommentsModel.m; sourceTree = "<group>"; };
		E98B0C5B2D6CA41A00439CCE /* SubCommentsModel.h */ = {isa = PBXFileReference; lastKnownFileType = sourcecode.c.h; path = SubCommentsModel.h; sourceTree = "<group>"; };
		E98B0C5C2D6CA41A00439CCE /* SubCommentsModel.m */ = {isa = PBXFileReference; lastKnownFileType = sourcecode.c.objc; path = SubCommentsModel.m; sourceTree = "<group>"; };
		E98B0C612D6F5AEC00439CCE /* BJPlayerScrollerViewController.h */ = {isa = PBXFileReference; lastKnownFileType = sourcecode.c.h; path = BJPlayerScrollerViewController.h; sourceTree = "<group>"; };
		E98B0C622D6F5AEC00439CCE /* BJPlayerScrollerViewController.m */ = {isa = PBXFileReference; lastKnownFileType = sourcecode.c.objc; path = BJPlayerScrollerViewController.m; sourceTree = "<group>"; };
		E98B0C642D7068B800439CCE /* BJPostView.h */ = {isa = PBXFileReference; lastKnownFileType = sourcecode.c.h; path = BJPostView.h; sourceTree = "<group>"; };
		E98B0C652D7068B800439CCE /* BJPostView.m */ = {isa = PBXFileReference; lastKnownFileType = sourcecode.c.objc; path = BJPostView.m; sourceTree = "<group>"; };
		E98B0C672D70697400439CCE /* BJPostTableViewCell.h */ = {isa = PBXFileReference; lastKnownFileType = sourcecode.c.h; path = BJPostTableViewCell.h; sourceTree = "<group>"; };
		E98B0C682D70697400439CCE /* BJPostTableViewCell.m */ = {isa = PBXFileReference; lastKnownFileType = sourcecode.c.objc; path = BJPostTableViewCell.m; sourceTree = "<group>"; };
		E98B0C6A2D707ACD00439CCE /* BJPostImageViewController.h */ = {isa = PBXFileReference; lastKnownFileType = sourcecode.c.h; path = BJPostImageViewController.h; sourceTree = "<group>"; };
		E98B0C6B2D707ACD00439CCE /* BJPostImageViewController.m */ = {isa = PBXFileReference; lastKnownFileType = sourcecode.c.objc; path = BJPostImageViewController.m; sourceTree = "<group>"; };
		E98B0C6F2D70858600439CCE /* BJLoginViewController.h */ = {isa = PBXFileReference; lastKnownFileType = sourcecode.c.h; path = BJLoginViewController.h; sourceTree = "<group>"; };
		E98B0C702D70858600439CCE /* BJLoginViewController.m */ = {isa = PBXFileReference; lastKnownFileType = sourcecode.c.objc; path = BJLoginViewController.m; sourceTree = "<group>"; };
		E98B0C722D70867A00439CCE /* BJUserModel.h */ = {isa = PBXFileReference; lastKnownFileType = sourcecode.c.h; path = BJUserModel.h; sourceTree = "<group>"; };
		E98B0C732D70867A00439CCE /* BJUserModel.m */ = {isa = PBXFileReference; lastKnownFileType = sourcecode.c.objc; path = BJUserModel.m; sourceTree = "<group>"; };
		E98B0C752D70875E00439CCE /* BJLoginViewModel.h */ = {isa = PBXFileReference; lastKnownFileType = sourcecode.c.h; path = BJLoginViewModel.h; sourceTree = "<group>"; };
		E98B0C762D70875E00439CCE /* BJLoginViewModel.m */ = {isa = PBXFileReference; lastKnownFileType = sourcecode.c.objc; path = BJLoginViewModel.m; sourceTree = "<group>"; };
		E98B0C782D72F9B900439CCE /* BJRegisterViewController.h */ = {isa = PBXFileReference; lastKnownFileType = sourcecode.c.h; path = BJRegisterViewController.h; sourceTree = "<group>"; };
		E98B0C792D72F9B900439CCE /* BJRegisterViewController.m */ = {isa = PBXFileReference; lastKnownFileType = sourcecode.c.objc; path = BJRegisterViewController.m; sourceTree = "<group>"; };
		E98B0C7B2D72FE3C00439CCE /* BJUserRegisterModel.h */ = {isa = PBXFileReference; lastKnownFileType = sourcecode.c.h; path = BJUserRegisterModel.h; sourceTree = "<group>"; };
		E98B0C7C2D72FE3C00439CCE /* BJUserRegisterModel.m */ = {isa = PBXFileReference; lastKnownFileType = sourcecode.c.objc; path = BJUserRegisterModel.m; sourceTree = "<group>"; };
		E98B0CC22D733FDF00439CCE /* BJRegisterViewModel.h */ = {isa = PBXFileReference; lastKnownFileType = sourcecode.c.h; path = BJRegisterViewModel.h; sourceTree = "<group>"; };
		E98B0CC32D733FDF00439CCE /* BJRegisterViewModel.m */ = {isa = PBXFileReference; lastKnownFileType = sourcecode.c.objc; path = BJRegisterViewModel.m; sourceTree = "<group>"; };
		E98B0CC52D7344C600439CCE /* BJRegisterSuccessModel.h */ = {isa = PBXFileReference; lastKnownFileType = sourcecode.c.h; path = BJRegisterSuccessModel.h; sourceTree = "<group>"; };
		E98B0CC62D7344C600439CCE /* BJRegisterSuccessModel.m */ = {isa = PBXFileReference; lastKnownFileType = sourcecode.c.objc; path = BJRegisterSuccessModel.m; sourceTree = "<group>"; };
		E98B0CC82D73455600439CCE /* BJSuccessModel.h */ = {isa = PBXFileReference; lastKnownFileType = sourcecode.c.h; path = BJSuccessModel.h; sourceTree = "<group>"; };
		E98B0CC92D73455600439CCE /* BJSuccessModel.m */ = {isa = PBXFileReference; lastKnownFileType = sourcecode.c.objc; path = BJSuccessModel.m; sourceTree = "<group>"; };
		E98B0CCB2D73466100439CCE /* BJDataModel.h */ = {isa = PBXFileReference; lastKnownFileType = sourcecode.c.h; path = BJDataModel.h; sourceTree = "<group>"; };
		E98B0CCC2D73466100439CCE /* BJDataModel.m */ = {isa = PBXFileReference; lastKnownFileType = sourcecode.c.objc; path = BJDataModel.m; sourceTree = "<group>"; };
		E9CBA33D2D78950C00113436 /* annotation.jpg */ = {isa = PBXFileReference; lastKnownFileType = image.jpeg; path = annotation.jpg; sourceTree = "<group>"; };
		E9F8F0DF2D40CB710040ABA6 /* BJCommunityUIColectionViewFlowLayout.h */ = {isa = PBXFileReference; lastKnownFileType = sourcecode.c.h; path = BJCommunityUIColectionViewFlowLayout.h; sourceTree = "<group>"; };
		E9F8F0E02D40CB710040ABA6 /* BJCommunityUIColectionViewFlowLayout.m */ = {isa = PBXFileReference; lastKnownFileType = sourcecode.c.objc; path = BJCommunityUIColectionViewFlowLayout.m; sourceTree = "<group>"; };
		E9F8F0E32D40EFBE0040ABA6 /* BJMainCommunityView.h */ = {isa = PBXFileReference; lastKnownFileType = sourcecode.c.h; path = BJMainCommunityView.h; sourceTree = "<group>"; };
		E9F8F0E42D40EFBE0040ABA6 /* BJMainCommunityView.m */ = {isa = PBXFileReference; lastKnownFileType = sourcecode.c.objc; path = BJMainCommunityView.m; sourceTree = "<group>"; };
		E9F8F0EA2D4A220B0040ABA6 /* BJCommityCollectionViewCell.h */ = {isa = PBXFileReference; lastKnownFileType = sourcecode.c.h; path = BJCommityCollectionViewCell.h; sourceTree = "<group>"; };
		E9F8F0EB2D4A220B0040ABA6 /* BJCommityCollectionViewCell.m */ = {isa = PBXFileReference; lastKnownFileType = sourcecode.c.objc; path = BJCommityCollectionViewCell.m; sourceTree = "<group>"; };
		E9F8F0EF2D4FA53D0040ABA6 /* likes.png */ = {isa = PBXFileReference; lastKnownFileType = image.png; path = likes.png; sourceTree = "<group>"; };
		E9F8F0F12D4FB0FC0040ABA6 /* BJInvitationViewController.h */ = {isa = PBXFileReference; lastKnownFileType = sourcecode.c.h; path = BJInvitationViewController.h; sourceTree = "<group>"; };
		E9F8F0F22D4FB0FC0040ABA6 /* BJInvitationViewController.m */ = {isa = PBXFileReference; lastKnownFileType = sourcecode.c.objc; path = BJInvitationViewController.m; sourceTree = "<group>"; };
		E9F8F0F42D5078AE0040ABA6 /* WechatIMG17.jpg */ = {isa = PBXFileReference; lastKnownFileType = image.jpeg; path = WechatIMG17.jpg; sourceTree = "<group>"; };
		E9F8F1312D54CCA40040ABA6 /* BJInvitationView.h */ = {isa = PBXFileReference; lastKnownFileType = sourcecode.c.h; path = BJInvitationView.h; sourceTree = "<group>"; };
		E9F8F1322D54CCA40040ABA6 /* BJInvitationView.m */ = {isa = PBXFileReference; lastKnownFileType = sourcecode.c.objc; path = BJInvitationView.m; sourceTree = "<group>"; };
		E9F8F1342D54CD2B0040ABA6 /* BJInvitationTableViewCell.h */ = {isa = PBXFileReference; lastKnownFileType = sourcecode.c.h; path = BJInvitationTableViewCell.h; sourceTree = "<group>"; };
		E9F8F1352D54CD2B0040ABA6 /* BJInvitationTableViewCell.m */ = {isa = PBXFileReference; lastKnownFileType = sourcecode.c.objc; path = BJInvitationTableViewCell.m; sourceTree = "<group>"; };
		E9F8F1372D54CEA60040ABA6 /* BJInvitationHeaderTableViewCell.h */ = {isa = PBXFileReference; lastKnownFileType = sourcecode.c.h; path = BJInvitationHeaderTableViewCell.h; sourceTree = "<group>"; };
		E9F8F1382D54CEA60040ABA6 /* BJInvitationHeaderTableViewCell.m */ = {isa = PBXFileReference; lastKnownFileType = sourcecode.c.objc; path = BJInvitationHeaderTableViewCell.m; sourceTree = "<group>"; };
		E9F8F13A2D54D29E0040ABA6 /* BJInvitationTopContentView.m */ = {isa = PBXFileReference; fileEncoding = 4; lastKnownFileType = sourcecode.c.objc; path = BJInvitationTopContentView.m; sourceTree = "<group>"; };
		E9F8F13B2D54D29E0040ABA6 /* BJInvitationTopContentView.h */ = {isa = PBXFileReference; fileEncoding = 4; lastKnownFileType = sourcecode.c.h; path = BJInvitationTopContentView.h; sourceTree = "<group>"; };
		EFB8F9864B0D050C6D268266 /* Pods-BJ博鉴乡兴通.release.xcconfig */ = {isa = PBXFileReference; includeInIndex = 1; lastKnownFileType = text.xcconfig; name = "Pods-BJ博鉴乡兴通.release.xcconfig"; path = "Target Support Files/Pods-BJ博鉴乡兴通/Pods-BJ博鉴乡兴通.release.xcconfig"; sourceTree = "<group>"; };
/* End PBXFileReference section */

/* Begin PBXFrameworksBuildPhase section */
		216DB69E2D2FDEF2005BF4C2 /* Frameworks */ = {
			isa = PBXFrameworksBuildPhase;
			buildActionMask = 2147483647;
			files = (
				2707B9E64770065027B653A9 /* libPods-BJ博鉴乡兴通.a in Frameworks */,
			);
			runOnlyForDeploymentPostprocessing = 0;
		};
		216DB6B92D2FDEF3005BF4C2 /* Frameworks */ = {
			isa = PBXFrameworksBuildPhase;
			buildActionMask = 2147483647;
			files = (
			);
			runOnlyForDeploymentPostprocessing = 0;
		};
		216DB6C32D2FDEF3005BF4C2 /* Frameworks */ = {
			isa = PBXFrameworksBuildPhase;
			buildActionMask = 2147483647;
			files = (
			);
			runOnlyForDeploymentPostprocessing = 0;
		};
/* End PBXFrameworksBuildPhase section */

/* Begin PBXGroup section */
		0840236188BC2474972FB20E /* Pods */ = {
			isa = PBXGroup;
			children = (
				AAE3039BA091A97AB111073F /* Pods-BJ博鉴乡兴通.debug.xcconfig */,
				EFB8F9864B0D050C6D268266 /* Pods-BJ博鉴乡兴通.release.xcconfig */,
			);
			path = Pods;
			sourceTree = "<group>";
		};
		216DB6982D2FDEF2005BF4C2 = {
			isa = PBXGroup;
			children = (
				216DB6A32D2FDEF2005BF4C2 /* BJ博鉴乡兴通 */,
				216DB6BF2D2FDEF3005BF4C2 /* BJ博鉴乡兴通Tests */,
				216DB6C92D2FDEF3005BF4C2 /* BJ博鉴乡兴通UITests */,
				216DB6A22D2FDEF2005BF4C2 /* Products */,
				0840236188BC2474972FB20E /* Pods */,
				BF4B121A5B2F0C29668C3871 /* Frameworks */,
			);
			sourceTree = "<group>";
		};
		216DB6A22D2FDEF2005BF4C2 /* Products */ = {
			isa = PBXGroup;
			children = (
				216DB6A12D2FDEF2005BF4C2 /* BJ博鉴乡兴通.app */,
				216DB6BC2D2FDEF3005BF4C2 /* BJ博鉴乡兴通Tests.xctest */,
				216DB6C62D2FDEF3005BF4C2 /* BJ博鉴乡兴通UITests.xctest */,
			);
			name = Products;
			sourceTree = "<group>";
		};
		216DB6A32D2FDEF2005BF4C2 /* BJ博鉴乡兴通 */ = {
			isa = PBXGroup;
			children = (
				219F0E9B2D3E83D600F69C9B /* 图片 */,
				219F0E9A2D3E83C400F69C9B /* 通用 */,
				216DB6D92D2FDF7C005BF4C2 /* 首页 */,
				216DB6DE2D2FDFBD005BF4C2 /* 发布 */,
				216DB6DD2D2FDFB5005BF4C2 /* 社区 */,
				216DB6DC2D2FDFAB005BF4C2 /* 我的 */,
				E98B0C6E2D70851A00439CCE /* 登陆注册 */,
				216DB6A42D2FDEF2005BF4C2 /* AppDelegate.h */,
				216DB6A52D2FDEF2005BF4C2 /* AppDelegate.m */,
				216DB6A72D2FDEF2005BF4C2 /* SceneDelegate.h */,
				216DB6A82D2FDEF2005BF4C2 /* SceneDelegate.m */,
				216DB6AA2D2FDEF2005BF4C2 /* ViewController.h */,
				216DB6AB2D2FDEF2005BF4C2 /* ViewController.m */,
				216DB6AD2D2FDEF2005BF4C2 /* Main.storyboard */,
				216DB6B02D2FDEF3005BF4C2 /* Assets.xcassets */,
				216DB6B22D2FDEF3005BF4C2 /* LaunchScreen.storyboard */,
				216DB6B52D2FDEF3005BF4C2 /* Info.plist */,
				216DB6B62D2FDEF3005BF4C2 /* main.m */,
			);
			path = "BJ博鉴乡兴通";
			sourceTree = "<group>";
		};
		216DB6BF2D2FDEF3005BF4C2 /* BJ博鉴乡兴通Tests */ = {
			isa = PBXGroup;
			children = (
				216DB6C02D2FDEF3005BF4C2 /* BJ_____Tests.m */,
			);
			path = "BJ博鉴乡兴通Tests";
			sourceTree = "<group>";
		};
		216DB6C92D2FDEF3005BF4C2 /* BJ博鉴乡兴通UITests */ = {
			isa = PBXGroup;
			children = (
				216DB6CA2D2FDEF3005BF4C2 /* BJ_____UITests.m */,
				216DB6CC2D2FDEF3005BF4C2 /* BJ_____UITestsLaunchTests.m */,
			);
			path = "BJ博鉴乡兴通UITests";
			sourceTree = "<group>";
		};
		216DB6D92D2FDF7C005BF4C2 /* 首页 */ = {
			isa = PBXGroup;
			children = (
				219A06982D75491300EA43BA /* View */,
				219F0EB82D41CE8600F69C9B /* cell */,
				219F0E8B2D3E7E2200F69C9B /* BJHomePageViewController.h */,
				219F0E8C2D3E7E2200F69C9B /* BJHomePageViewController.m */,
				216E87112D73FF360027E674 /* BJMapViewController.h */,
				216E87122D73FF360027E674 /* BJMapViewController.m */,
				216DB6DA2D2FDF87005BF4C2 /* 商城 */,
			);
			path = "首页";
			sourceTree = "<group>";
		};
		216DB6DA2D2FDF87005BF4C2 /* 商城 */ = {
			isa = PBXGroup;
			children = (
				219F0E8E2D3E7E5D00F69C9B /* BJShopViewController.h */,
				219F0E8F2D3E7E5D00F69C9B /* BJShopViewController.m */,
			);
			path = "商城";
			sourceTree = "<group>";
		};
		216DB6DC2D2FDFAB005BF4C2 /* 我的 */ = {
			isa = PBXGroup;
			children = (
				219F0E972D3E7ED200F69C9B /* BJMyPageViewController.h */,
				219F0E982D3E7ED200F69C9B /* BJMyPageViewController.m */,
			);
			path = "我的";
			sourceTree = "<group>";
		};
		216DB6DD2D2FDFB5005BF4C2 /* 社区 */ = {
			isa = PBXGroup;
			children = (
				219F0E942D3E7EC000F69C9B /* BJCommunityViewController.h */,
				219F0E952D3E7EC000F69C9B /* BJCommunityViewController.m */,
				E9F8F0F12D4FB0FC0040ABA6 /* BJInvitationViewController.h */,
				E9F8F0F22D4FB0FC0040ABA6 /* BJInvitationViewController.m */,
				E98B0C612D6F5AEC00439CCE /* BJPlayerScrollerViewController.h */,
				E98B0C622D6F5AEC00439CCE /* BJPlayerScrollerViewController.m */,
				E98B0C572D6CA3E400439CCE /* Model */,
				E9F8F0E22D40EF720040ABA6 /* View */,
			);
			path = "社区";
			sourceTree = "<group>";
		};
		216DB6DE2D2FDFBD005BF4C2 /* 发布 */ = {
			isa = PBXGroup;
			children = (
				219F0E912D3E7EAC00F69C9B /* BJPostViewController.h */,
				219F0E922D3E7EAC00F69C9B /* BJPostViewController.m */,
				E98B0C6A2D707ACD00439CCE /* BJPostImageViewController.h */,
				E98B0C6B2D707ACD00439CCE /* BJPostImageViewController.m */,
				E98B0C6D2D70804100439CCE /* VIew */,
			);
			path = "发布";
			sourceTree = "<group>";
		};
		219A06982D75491300EA43BA /* View */ = {
			isa = PBXGroup;
			children = (
				219A06992D754C6E00EA43BA /* BJAnnotationView.h */,
				219A069A2D754C6E00EA43BA /* BJAnnotationView.m */,
				219A069C2D754EF500EA43BA /* BJAnnotation.h */,
				219A069D2D754EF500EA43BA /* BJAnnotation.m */,
			);
			path = View;
			sourceTree = "<group>";
		};
		219F0E9A2D3E83C400F69C9B /* 通用 */ = {
			isa = PBXGroup;
			children = (
				219F0EA02D3E848100F69C9B /* BJTabBarController.h */,
				219F0EA12D3E848100F69C9B /* BJTabBarController.m */,
				219F0EA32D3E849200F69C9B /* BJTabBar.h */,
				219F0EA42D3E849200F69C9B /* BJTabBar.m */,
			);
			path = "通用";
			sourceTree = "<group>";
		};
		219F0E9B2D3E83D600F69C9B /* 图片 */ = {
			isa = PBXGroup;
			children = (
				E9F8F0F42D5078AE0040ABA6 /* WechatIMG17.jpg */,
				E9F8F0EF2D4FA53D0040ABA6 /* likes.png */,
				219F0EB62D4160DD00F69C9B /* logo.png */,
				219F0E9E2D3E843100F69C9B /* jiahao.png */,
				219F0EAA2D3E8B5C00F69C9B /* shop.png */,
				219F0EA62D3E8B5B00F69C9B /* home.png */,
				219F0EBC2D41DA2B00F69C9B /* logo2.png */,
				219F0EA82D3E8B5C00F69C9B /* myPage.png */,
				E9CBA33D2D78950C00113436 /* annotation.jpg */,
				219F0EA92D3E8B5C00F69C9B /* community.png */,
				219A06AB2D75F83000EA43BA /* minsu.png */,
			);
			path = "图片";
			sourceTree = "<group>";
		};
		219F0EB82D41CE8600F69C9B /* cell */ = {
			isa = PBXGroup;
			children = (
				219F0EB92D41CEDE00F69C9B /* BJScrollViewTableViewCell.h */,
				219F0EBA2D41CEDE00F69C9B /* BJScrollViewTableViewCell.m */,
			);
			path = cell;
			sourceTree = "<group>";
		};
		BF4B121A5B2F0C29668C3871 /* Frameworks */ = {
			isa = PBXGroup;
			children = (
				1C9BCFB67B8FE7DD9598BE59 /* libPods-BJ博鉴乡兴通.a */,
			);
			name = Frameworks;
			sourceTree = "<group>";
		};
		E98B0C572D6CA3E400439CCE /* Model */ = {
			isa = PBXGroup;
			children = (
				E98B0C582D6CA40D00439CCE /* CommentsModel.h */,
				E98B0C592D6CA40D00439CCE /* CommentsModel.m */,
				E98B0C5B2D6CA41A00439CCE /* SubCommentsModel.h */,
				E98B0C5C2D6CA41A00439CCE /* SubCommentsModel.m */,
			);
			path = Model;
			sourceTree = "<group>";
		};
		E98B0C6D2D70804100439CCE /* VIew */ = {
			isa = PBXGroup;
			children = (
				E98B0C642D7068B800439CCE /* BJPostView.h */,
				E98B0C652D7068B800439CCE /* BJPostView.m */,
				E98B0C682D70697400439CCE /* BJPostTableViewCell.m */,
				E98B0C672D70697400439CCE /* BJPostTableViewCell.h */,
			);
			path = VIew;
			sourceTree = "<group>";
		};
		E98B0C6E2D70851A00439CCE /* 登陆注册 */ = {
			isa = PBXGroup;
			children = (
				E98B0C6F2D70858600439CCE /* BJLoginViewController.h */,
				E98B0C702D70858600439CCE /* BJLoginViewController.m */,
				E98B0C782D72F9B900439CCE /* BJRegisterViewController.h */,
				E98B0C792D72F9B900439CCE /* BJRegisterViewController.m */,
				E98B0CCE2D734D6A00439CCE /* ViewModel */,
				E98B0CCF2D734D8100439CCE /* Model */,
			);
			path = "登陆注册";
			sourceTree = "<group>";
		};
		E98B0CCE2D734D6A00439CCE /* ViewModel */ = {
			isa = PBXGroup;
			children = (
				E98B0C752D70875E00439CCE /* BJLoginViewModel.h */,
				E98B0C762D70875E00439CCE /* BJLoginViewModel.m */,
				E98B0CC22D733FDF00439CCE /* BJRegisterViewModel.h */,
				E98B0CC32D733FDF00439CCE /* BJRegisterViewModel.m */,
			);
			path = ViewModel;
			sourceTree = "<group>";
		};
		E98B0CCF2D734D8100439CCE /* Model */ = {
			isa = PBXGroup;
			children = (
				E98B0C7B2D72FE3C00439CCE /* BJUserRegisterModel.h */,
				E98B0C7C2D72FE3C00439CCE /* BJUserRegisterModel.m */,
				E98B0CC52D7344C600439CCE /* BJRegisterSuccessModel.h */,
				E98B0CC62D7344C600439CCE /* BJRegisterSuccessModel.m */,
				E98B0CC82D73455600439CCE /* BJSuccessModel.h */,
				E98B0CC92D73455600439CCE /* BJSuccessModel.m */,
				E98B0CCB2D73466100439CCE /* BJDataModel.h */,
				E98B0CCC2D73466100439CCE /* BJDataModel.m */,
				E98B0C722D70867A00439CCE /* BJUserModel.h */,
				E98B0C732D70867A00439CCE /* BJUserModel.m */,
			);
			path = Model;
			sourceTree = "<group>";
		};
		E9F8F0E22D40EF720040ABA6 /* View */ = {
			isa = PBXGroup;
			children = (
				E9F8F0DF2D40CB710040ABA6 /* BJCommunityUIColectionViewFlowLayout.h */,
				E9F8F0E02D40CB710040ABA6 /* BJCommunityUIColectionViewFlowLayout.m */,
				E9F8F0E32D40EFBE0040ABA6 /* BJMainCommunityView.h */,
				E9F8F0E42D40EFBE0040ABA6 /* BJMainCommunityView.m */,
				E9F8F0EA2D4A220B0040ABA6 /* BJCommityCollectionViewCell.h */,
				E9F8F0EB2D4A220B0040ABA6 /* BJCommityCollectionViewCell.m */,
				E9F8F1312D54CCA40040ABA6 /* BJInvitationView.h */,
				E9F8F1322D54CCA40040ABA6 /* BJInvitationView.m */,
				E9F8F1342D54CD2B0040ABA6 /* BJInvitationTableViewCell.h */,
				E9F8F1352D54CD2B0040ABA6 /* BJInvitationTableViewCell.m */,
				E9F8F1372D54CEA60040ABA6 /* BJInvitationHeaderTableViewCell.h */,
				E9F8F1382D54CEA60040ABA6 /* BJInvitationHeaderTableViewCell.m */,
				E98B0C542D6C933000439CCE /* BJInvitationSubCommentsTableViewCell.h */,
				E98B0C552D6C933000439CCE /* BJInvitationSubCommentsTableViewCell.m */,
				E9F8F13B2D54D29E0040ABA6 /* BJInvitationTopContentView.h */,
				E9F8F13A2D54D29E0040ABA6 /* BJInvitationTopContentView.m */,
			);
			path = View;
			sourceTree = "<group>";
		};
/* End PBXGroup section */

/* Begin PBXNativeTarget section */
		216DB6A02D2FDEF2005BF4C2 /* BJ博鉴乡兴通 */ = {
			isa = PBXNativeTarget;
			buildConfigurationList = 216DB6D02D2FDEF3005BF4C2 /* Build configuration list for PBXNativeTarget "BJ博鉴乡兴通" */;
			buildPhases = (
				6384138B6D9C8C517BA6E96E /* [CP] Check Pods Manifest.lock */,
				216DB69D2D2FDEF2005BF4C2 /* Sources */,
				216DB69E2D2FDEF2005BF4C2 /* Frameworks */,
				216DB69F2D2FDEF2005BF4C2 /* Resources */,
				B88E00A6E929AFCBC08370EB /* [CP] Copy Pods Resources */,
			);
			buildRules = (
			);
			dependencies = (
			);
			name = "BJ博鉴乡兴通";
			productName = "BJ博鉴乡兴通";
			productReference = 216DB6A12D2FDEF2005BF4C2 /* BJ博鉴乡兴通.app */;
			productType = "com.apple.product-type.application";
		};
		216DB6BB2D2FDEF3005BF4C2 /* BJ博鉴乡兴通Tests */ = {
			isa = PBXNativeTarget;
			buildConfigurationList = 216DB6D32D2FDEF3005BF4C2 /* Build configuration list for PBXNativeTarget "BJ博鉴乡兴通Tests" */;
			buildPhases = (
				216DB6B82D2FDEF3005BF4C2 /* Sources */,
				216DB6B92D2FDEF3005BF4C2 /* Frameworks */,
				216DB6BA2D2FDEF3005BF4C2 /* Resources */,
			);
			buildRules = (
			);
			dependencies = (
				216DB6BE2D2FDEF3005BF4C2 /* PBXTargetDependency */,
			);
			name = "BJ博鉴乡兴通Tests";
			productName = "BJ博鉴乡兴通Tests";
			productReference = 216DB6BC2D2FDEF3005BF4C2 /* BJ博鉴乡兴通Tests.xctest */;
			productType = "com.apple.product-type.bundle.unit-test";
		};
		216DB6C52D2FDEF3005BF4C2 /* BJ博鉴乡兴通UITests */ = {
			isa = PBXNativeTarget;
			buildConfigurationList = 216DB6D62D2FDEF3005BF4C2 /* Build configuration list for PBXNativeTarget "BJ博鉴乡兴通UITests" */;
			buildPhases = (
				216DB6C22D2FDEF3005BF4C2 /* Sources */,
				216DB6C32D2FDEF3005BF4C2 /* Frameworks */,
				216DB6C42D2FDEF3005BF4C2 /* Resources */,
			);
			buildRules = (
			);
			dependencies = (
				216DB6C82D2FDEF3005BF4C2 /* PBXTargetDependency */,
			);
			name = "BJ博鉴乡兴通UITests";
			productName = "BJ博鉴乡兴通UITests";
			productReference = 216DB6C62D2FDEF3005BF4C2 /* BJ博鉴乡兴通UITests.xctest */;
			productType = "com.apple.product-type.bundle.ui-testing";
		};
/* End PBXNativeTarget section */

/* Begin PBXProject section */
		216DB6992D2FDEF2005BF4C2 /* Project object */ = {
			isa = PBXProject;
			attributes = {
				BuildIndependentTargetsInParallel = 1;
				LastUpgradeCheck = 1540;
				TargetAttributes = {
					216DB6A02D2FDEF2005BF4C2 = {
						CreatedOnToolsVersion = 15.4;
					};
					216DB6BB2D2FDEF3005BF4C2 = {
						CreatedOnToolsVersion = 15.4;
						TestTargetID = 216DB6A02D2FDEF2005BF4C2;
					};
					216DB6C52D2FDEF3005BF4C2 = {
						CreatedOnToolsVersion = 15.4;
						TestTargetID = 216DB6A02D2FDEF2005BF4C2;
					};
				};
			};
			buildConfigurationList = 216DB69C2D2FDEF2005BF4C2 /* Build configuration list for PBXProject "BJ博鉴乡兴通" */;
			compatibilityVersion = "Xcode 14.0";
			developmentRegion = en;
			hasScannedForEncodings = 0;
			knownRegions = (
				en,
				Base,
			);
			mainGroup = 216DB6982D2FDEF2005BF4C2;
			productRefGroup = 216DB6A22D2FDEF2005BF4C2 /* Products */;
			projectDirPath = "";
			projectRoot = "";
			targets = (
				216DB6A02D2FDEF2005BF4C2 /* BJ博鉴乡兴通 */,
				216DB6BB2D2FDEF3005BF4C2 /* BJ博鉴乡兴通Tests */,
				216DB6C52D2FDEF3005BF4C2 /* BJ博鉴乡兴通UITests */,
			);
		};
/* End PBXProject section */

/* Begin PBXResourcesBuildPhase section */
		216DB69F2D2FDEF2005BF4C2 /* Resources */ = {
			isa = PBXResourcesBuildPhase;
			buildActionMask = 2147483647;
			files = (
				219F0EAF2D3E8B5C00F69C9B /* shop.png in Resources */,
				219F0EAD2D3E8B5C00F69C9B /* myPage.png in Resources */,
				E9F8F0F02D4FA53D0040ABA6 /* likes.png in Resources */,
				216DB6B12D2FDEF3005BF4C2 /* Assets.xcassets in Resources */,
				E9CBA33E2D78950C00113436 /* annotation.jpg in Resources */,
				219F0EAE2D3E8B5C00F69C9B /* community.png in Resources */,
				E9F8F0F52D5078AE0040ABA6 /* WechatIMG17.jpg in Resources */,
				219F0EB72D4160DD00F69C9B /* logo.png in Resources */,
				219F0EBD2D41DA2B00F69C9B /* logo2.png in Resources */,
				219F0EAB2D3E8B5C00F69C9B /* home.png in Resources */,
				219A06AC2D75F83000EA43BA /* minsu.png in Resources */,
				219F0E9F2D3E843100F69C9B /* jiahao.png in Resources */,
				216DB6B42D2FDEF3005BF4C2 /* Base in Resources */,
				216DB6AF2D2FDEF2005BF4C2 /* Base in Resources */,
			);
			runOnlyForDeploymentPostprocessing = 0;
		};
		216DB6BA2D2FDEF3005BF4C2 /* Resources */ = {
			isa = PBXResourcesBuildPhase;
			buildActionMask = 2147483647;
			files = (
			);
			runOnlyForDeploymentPostprocessing = 0;
		};
		216DB6C42D2FDEF3005BF4C2 /* Resources */ = {
			isa = PBXResourcesBuildPhase;
			buildActionMask = 2147483647;
			files = (
			);
			runOnlyForDeploymentPostprocessing = 0;
		};
/* End PBXResourcesBuildPhase section */

/* Begin PBXShellScriptBuildPhase section */
		6384138B6D9C8C517BA6E96E /* [CP] Check Pods Manifest.lock */ = {
			isa = PBXShellScriptBuildPhase;
			buildActionMask = 2147483647;
			files = (
			);
			inputFileListPaths = (
			);
			inputPaths = (
				"${PODS_PODFILE_DIR_PATH}/Podfile.lock",
				"${PODS_ROOT}/Manifest.lock",
			);
			name = "[CP] Check Pods Manifest.lock";
			outputFileListPaths = (
			);
			outputPaths = (
				"$(DERIVED_FILE_DIR)/Pods-BJ博鉴乡兴通-checkManifestLockResult.txt",
			);
			runOnlyForDeploymentPostprocessing = 0;
			shellPath = /bin/sh;
			shellScript = "diff \"${PODS_PODFILE_DIR_PATH}/Podfile.lock\" \"${PODS_ROOT}/Manifest.lock\" > /dev/null\nif [ $? != 0 ] ; then\n    # print error to STDERR\n    echo \"error: The sandbox is not in sync with the Podfile.lock. Run 'pod install' or update your CocoaPods installation.\" >&2\n    exit 1\nfi\n# This output is used by Xcode 'outputs' to avoid re-running this script phase.\necho \"SUCCESS\" > \"${SCRIPT_OUTPUT_FILE_0}\"\n";
			showEnvVarsInLog = 0;
		};
		B88E00A6E929AFCBC08370EB /* [CP] Copy Pods Resources */ = {
			isa = PBXShellScriptBuildPhase;
			buildActionMask = 2147483647;
			files = (
			);
			inputFileListPaths = (
				"${PODS_ROOT}/Target Support Files/Pods-BJ博鉴乡兴通/Pods-BJ博鉴乡兴通-resources-${CONFIGURATION}-input-files.xcfilelist",
			);
			name = "[CP] Copy Pods Resources";
			outputFileListPaths = (
				"${PODS_ROOT}/Target Support Files/Pods-BJ博鉴乡兴通/Pods-BJ博鉴乡兴通-resources-${CONFIGURATION}-output-files.xcfilelist",
			);
			runOnlyForDeploymentPostprocessing = 0;
			shellPath = /bin/sh;
			shellScript = "\"${PODS_ROOT}/Target Support Files/Pods-BJ博鉴乡兴通/Pods-BJ博鉴乡兴通-resources.sh\"\n";
			showEnvVarsInLog = 0;
		};
/* End PBXShellScriptBuildPhase section */

/* Begin PBXSourcesBuildPhase section */
		216DB69D2D2FDEF2005BF4C2 /* Sources */ = {
			isa = PBXSourcesBuildPhase;
			buildActionMask = 2147483647;
			files = (
				E98B0CCD2D73466100439CCE /* BJDataModel.m in Sources */,
				219A069E2D754EF500EA43BA /* BJAnnotation.m in Sources */,
				219F0E902D3E7E5D00F69C9B /* BJShopViewController.m in Sources */,
				E98B0CC72D7344C600439CCE /* BJRegisterSuccessModel.m in Sources */,
				E9F8F0E12D40CB720040ABA6 /* BJCommunityUIColectionViewFlowLayout.m in Sources */,
				E98B0C742D70867A00439CCE /* BJUserModel.m in Sources */,
				E98B0C692D70697400439CCE /* BJPostTableViewCell.m in Sources */,
				219F0EA22D3E848100F69C9B /* BJTabBarController.m in Sources */,
				216DB6AC2D2FDEF2005BF4C2 /* ViewController.m in Sources */,
				E98B0C712D70858600439CCE /* BJLoginViewController.m in Sources */,
				216E87132D73FF360027E674 /* BJMapViewController.m in Sources */,
				216DB6A62D2FDEF2005BF4C2 /* AppDelegate.m in Sources */,
				E9F8F0F32D4FB0FD0040ABA6 /* BJInvitationViewController.m in Sources */,
				E9F8F0E52D40EFBF0040ABA6 /* BJMainCommunityView.m in Sources */,
				E98B0CCA2D73455600439CCE /* BJSuccessModel.m in Sources */,
				219F0E992D3E7ED200F69C9B /* BJMyPageViewController.m in Sources */,
				E98B0C562D6C933000439CCE /* BJInvitationSubCommentsTableViewCell.m in Sources */,
				216DB6B72D2FDEF3005BF4C2 /* main.m in Sources */,
				E9F8F1332D54CCA40040ABA6 /* BJInvitationView.m in Sources */,
				E98B0CC42D733FE000439CCE /* BJRegisterViewModel.m in Sources */,
				219F0EA52D3E849200F69C9B /* BJTabBar.m in Sources */,
				E98B0C7D2D72FE3C00439CCE /* BJUserRegisterModel.m in Sources */,
				E98B0C632D6F5AEC00439CCE /* BJPlayerScrollerViewController.m in Sources */,
				E9F8F1392D54CEA60040ABA6 /* BJInvitationHeaderTableViewCell.m in Sources */,
				E9F8F0EC2D4A220B0040ABA6 /* BJCommityCollectionViewCell.m in Sources */,
				E9F8F13C2D54D29E0040ABA6 /* BJInvitationTopContentView.m in Sources */,
				216DB6A92D2FDEF2005BF4C2 /* SceneDelegate.m in Sources */,
				E98B0C5A2D6CA40D00439CCE /* CommentsModel.m in Sources */,
				219A069B2D754C6E00EA43BA /* BJAnnotationView.m in Sources */,
				219F0E8D2D3E7E2300F69C9B /* BJHomePageViewController.m in Sources */,
				E98B0C6C2D707ACD00439CCE /* BJPostImageViewController.m in Sources */,
				E98B0C5D2D6CA41A00439CCE /* SubCommentsModel.m in Sources */,
				E98B0C662D7068B800439CCE /* BJPostView.m in Sources */,
				219F0E962D3E7EC000F69C9B /* BJCommunityViewController.m in Sources */,
				E98B0C772D70875E00439CCE /* BJLoginViewModel.m in Sources */,
				E9F8F1362D54CD2B0040ABA6 /* BJInvitationTableViewCell.m in Sources */,
				219F0E932D3E7EAC00F69C9B /* BJPostViewController.m in Sources */,
				E98B0C7A2D72F9B900439CCE /* BJRegisterViewController.m in Sources */,
				219F0EBB2D41CEDE00F69C9B /* BJScrollViewTableViewCell.m in Sources */,
			);
			runOnlyForDeploymentPostprocessing = 0;
		};
		216DB6B82D2FDEF3005BF4C2 /* Sources */ = {
			isa = PBXSourcesBuildPhase;
			buildActionMask = 2147483647;
			files = (
				216DB6C12D2FDEF3005BF4C2 /* BJ_____Tests.m in Sources */,
			);
			runOnlyForDeploymentPostprocessing = 0;
		};
		216DB6C22D2FDEF3005BF4C2 /* Sources */ = {
			isa = PBXSourcesBuildPhase;
			buildActionMask = 2147483647;
			files = (
				216DB6CD2D2FDEF3005BF4C2 /* BJ_____UITestsLaunchTests.m in Sources */,
				216DB6CB2D2FDEF3005BF4C2 /* BJ_____UITests.m in Sources */,
			);
			runOnlyForDeploymentPostprocessing = 0;
		};
/* End PBXSourcesBuildPhase section */

/* Begin PBXTargetDependency section */
		216DB6BE2D2FDEF3005BF4C2 /* PBXTargetDependency */ = {
			isa = PBXTargetDependency;
			target = 216DB6A02D2FDEF2005BF4C2 /* BJ博鉴乡兴通 */;
			targetProxy = 216DB6BD2D2FDEF3005BF4C2 /* PBXContainerItemProxy */;
		};
		216DB6C82D2FDEF3005BF4C2 /* PBXTargetDependency */ = {
			isa = PBXTargetDependency;
			target = 216DB6A02D2FDEF2005BF4C2 /* BJ博鉴乡兴通 */;
			targetProxy = 216DB6C72D2FDEF3005BF4C2 /* PBXContainerItemProxy */;
		};
/* End PBXTargetDependency section */

/* Begin PBXVariantGroup section */
		216DB6AD2D2FDEF2005BF4C2 /* Main.storyboard */ = {
			isa = PBXVariantGroup;
			children = (
				216DB6AE2D2FDEF2005BF4C2 /* Base */,
			);
			name = Main.storyboard;
			sourceTree = "<group>";
		};
		216DB6B22D2FDEF3005BF4C2 /* LaunchScreen.storyboard */ = {
			isa = PBXVariantGroup;
			children = (
				216DB6B32D2FDEF3005BF4C2 /* Base */,
			);
			name = LaunchScreen.storyboard;
			sourceTree = "<group>";
		};
/* End PBXVariantGroup section */

/* Begin XCBuildConfiguration section */
		216DB6CE2D2FDEF3005BF4C2 /* Debug */ = {
			isa = XCBuildConfiguration;
			buildSettings = {
				ALWAYS_SEARCH_USER_PATHS = NO;
				ASSETCATALOG_COMPILER_GENERATE_SWIFT_ASSET_SYMBOL_EXTENSIONS = YES;
				CLANG_ANALYZER_NONNULL = YES;
				CLANG_ANALYZER_NUMBER_OBJECT_CONVERSION = YES_AGGRESSIVE;
				CLANG_CXX_LANGUAGE_STANDARD = "gnu++20";
				CLANG_ENABLE_MODULES = YES;
				CLANG_ENABLE_OBJC_ARC = YES;
				CLANG_ENABLE_OBJC_WEAK = YES;
				CLANG_WARN_BLOCK_CAPTURE_AUTORELEASING = YES;
				CLANG_WARN_BOOL_CONVERSION = YES;
				CLANG_WARN_COMMA = YES;
				CLANG_WARN_CONSTANT_CONVERSION = YES;
				CLANG_WARN_DEPRECATED_OBJC_IMPLEMENTATIONS = YES;
				CLANG_WARN_DIRECT_OBJC_ISA_USAGE = YES_ERROR;
				CLANG_WARN_DOCUMENTATION_COMMENTS = YES;
				CLANG_WARN_EMPTY_BODY = YES;
				CLANG_WARN_ENUM_CONVERSION = YES;
				CLANG_WARN_INFINITE_RECURSION = YES;
				CLANG_WARN_INT_CONVERSION = YES;
				CLANG_WARN_NON_LITERAL_NULL_CONVERSION = YES;
				CLANG_WARN_OBJC_IMPLICIT_RETAIN_SELF = YES;
				CLANG_WARN_OBJC_LITERAL_CONVERSION = YES;
				CLANG_WARN_OBJC_ROOT_CLASS = YES_ERROR;
				CLANG_WARN_QUOTED_INCLUDE_IN_FRAMEWORK_HEADER = YES;
				CLANG_WARN_RANGE_LOOP_ANALYSIS = YES;
				CLANG_WARN_STRICT_PROTOTYPES = YES;
				CLANG_WARN_SUSPICIOUS_MOVE = YES;
				CLANG_WARN_UNGUARDED_AVAILABILITY = YES_AGGRESSIVE;
				CLANG_WARN_UNREACHABLE_CODE = YES;
				CLANG_WARN__DUPLICATE_METHOD_MATCH = YES;
				COPY_PHASE_STRIP = NO;
				DEBUG_INFORMATION_FORMAT = dwarf;
				ENABLE_STRICT_OBJC_MSGSEND = YES;
				ENABLE_TESTABILITY = YES;
				ENABLE_USER_SCRIPT_SANDBOXING = NO;
				GCC_C_LANGUAGE_STANDARD = gnu17;
				GCC_DYNAMIC_NO_PIC = NO;
				GCC_NO_COMMON_BLOCKS = YES;
				GCC_OPTIMIZATION_LEVEL = 0;
				GCC_PREPROCESSOR_DEFINITIONS = (
					"DEBUG=1",
					"$(inherited)",
				);
				GCC_WARN_64_TO_32_BIT_CONVERSION = YES;
				GCC_WARN_ABOUT_RETURN_TYPE = YES_ERROR;
				GCC_WARN_UNDECLARED_SELECTOR = YES;
				GCC_WARN_UNINITIALIZED_AUTOS = YES_AGGRESSIVE;
				GCC_WARN_UNUSED_FUNCTION = YES;
				GCC_WARN_UNUSED_VARIABLE = YES;
				IPHONEOS_DEPLOYMENT_TARGET = 15.3;
				LOCALIZATION_PREFERS_STRING_CATALOGS = YES;
				MTL_ENABLE_DEBUG_INFO = INCLUDE_SOURCE;
				MTL_FAST_MATH = YES;
				ONLY_ACTIVE_ARCH = YES;
				SDKROOT = iphoneos;
			};
			name = Debug;
		};
		216DB6CF2D2FDEF3005BF4C2 /* Release */ = {
			isa = XCBuildConfiguration;
			buildSettings = {
				ALWAYS_SEARCH_USER_PATHS = NO;
				ASSETCATALOG_COMPILER_GENERATE_SWIFT_ASSET_SYMBOL_EXTENSIONS = YES;
				CLANG_ANALYZER_NONNULL = YES;
				CLANG_ANALYZER_NUMBER_OBJECT_CONVERSION = YES_AGGRESSIVE;
				CLANG_CXX_LANGUAGE_STANDARD = "gnu++20";
				CLANG_ENABLE_MODULES = YES;
				CLANG_ENABLE_OBJC_ARC = YES;
				CLANG_ENABLE_OBJC_WEAK = YES;
				CLANG_WARN_BLOCK_CAPTURE_AUTORELEASING = YES;
				CLANG_WARN_BOOL_CONVERSION = YES;
				CLANG_WARN_COMMA = YES;
				CLANG_WARN_CONSTANT_CONVERSION = YES;
				CLANG_WARN_DEPRECATED_OBJC_IMPLEMENTATIONS = YES;
				CLANG_WARN_DIRECT_OBJC_ISA_USAGE = YES_ERROR;
				CLANG_WARN_DOCUMENTATION_COMMENTS = YES;
				CLANG_WARN_EMPTY_BODY = YES;
				CLANG_WARN_ENUM_CONVERSION = YES;
				CLANG_WARN_INFINITE_RECURSION = YES;
				CLANG_WARN_INT_CONVERSION = YES;
				CLANG_WARN_NON_LITERAL_NULL_CONVERSION = YES;
				CLANG_WARN_OBJC_IMPLICIT_RETAIN_SELF = YES;
				CLANG_WARN_OBJC_LITERAL_CONVERSION = YES;
				CLANG_WARN_OBJC_ROOT_CLASS = YES_ERROR;
				CLANG_WARN_QUOTED_INCLUDE_IN_FRAMEWORK_HEADER = YES;
				CLANG_WARN_RANGE_LOOP_ANALYSIS = YES;
				CLANG_WARN_STRICT_PROTOTYPES = YES;
				CLANG_WARN_SUSPICIOUS_MOVE = YES;
				CLANG_WARN_UNGUARDED_AVAILABILITY = YES_AGGRESSIVE;
				CLANG_WARN_UNREACHABLE_CODE = YES;
				CLANG_WARN__DUPLICATE_METHOD_MATCH = YES;
				COPY_PHASE_STRIP = NO;
				DEBUG_INFORMATION_FORMAT = "dwarf-with-dsym";
				ENABLE_NS_ASSERTIONS = NO;
				ENABLE_STRICT_OBJC_MSGSEND = YES;
				ENABLE_USER_SCRIPT_SANDBOXING = NO;
				GCC_C_LANGUAGE_STANDARD = gnu17;
				GCC_NO_COMMON_BLOCKS = YES;
				GCC_WARN_64_TO_32_BIT_CONVERSION = YES;
				GCC_WARN_ABOUT_RETURN_TYPE = YES_ERROR;
				GCC_WARN_UNDECLARED_SELECTOR = YES;
				GCC_WARN_UNINITIALIZED_AUTOS = YES_AGGRESSIVE;
				GCC_WARN_UNUSED_FUNCTION = YES;
				GCC_WARN_UNUSED_VARIABLE = YES;
				IPHONEOS_DEPLOYMENT_TARGET = 15.3;
				LOCALIZATION_PREFERS_STRING_CATALOGS = YES;
				MTL_ENABLE_DEBUG_INFO = NO;
				MTL_FAST_MATH = YES;
				SDKROOT = iphoneos;
				VALIDATE_PRODUCT = YES;
			};
			name = Release;
		};
		216DB6D12D2FDEF3005BF4C2 /* Debug */ = {
			isa = XCBuildConfiguration;
			baseConfigurationReference = AAE3039BA091A97AB111073F /* Pods-BJ博鉴乡兴通.debug.xcconfig */;
			buildSettings = {
				ASSETCATALOG_COMPILER_APPICON_NAME = AppIcon;
				ASSETCATALOG_COMPILER_GLOBAL_ACCENT_COLOR_NAME = AccentColor;
				CODE_SIGN_STYLE = Automatic;
				CURRENT_PROJECT_VERSION = 1;
				DEVELOPMENT_TEAM = 4WJS482H6C;
				GENERATE_INFOPLIST_FILE = YES;
				INFOPLIST_FILE = "BJ博鉴乡兴通/Info.plist";
				INFOPLIST_KEY_UIApplicationSupportsIndirectInputEvents = YES;
				INFOPLIST_KEY_UILaunchStoryboardName = LaunchScreen;
				INFOPLIST_KEY_UIMainStoryboardFile = Main;
				INFOPLIST_KEY_UISupportedInterfaceOrientations_iPad = "UIInterfaceOrientationPortrait UIInterfaceOrientationPortraitUpsideDown UIInterfaceOrientationLandscapeLeft UIInterfaceOrientationLandscapeRight";
				INFOPLIST_KEY_UISupportedInterfaceOrientations_iPhone = "UIInterfaceOrientationPortrait UIInterfaceOrientationLandscapeLeft UIInterfaceOrientationLandscapeRight";
				IPHONEOS_DEPLOYMENT_TARGET = 16.6;
				LD_RUNPATH_SEARCH_PATHS = (
					"$(inherited)",
					"@executable_path/Frameworks",
				);
				MARKETING_VERSION = 1.0;
				PRODUCT_BUNDLE_IDENTIFIER = "JC.BJ-----";
				PRODUCT_NAME = "$(TARGET_NAME)";
				SWIFT_EMIT_LOC_STRINGS = YES;
				TARGETED_DEVICE_FAMILY = "1,2";
			};
			name = Debug;
		};
		216DB6D22D2FDEF3005BF4C2 /* Release */ = {
			isa = XCBuildConfiguration;
			baseConfigurationReference = EFB8F9864B0D050C6D268266 /* Pods-BJ博鉴乡兴通.release.xcconfig */;
			buildSettings = {
				ASSETCATALOG_COMPILER_APPICON_NAME = AppIcon;
				ASSETCATALOG_COMPILER_GLOBAL_ACCENT_COLOR_NAME = AccentColor;
				CODE_SIGN_STYLE = Automatic;
				CURRENT_PROJECT_VERSION = 1;
				DEVELOPMENT_TEAM = 4WJS482H6C;
				GENERATE_INFOPLIST_FILE = YES;
				INFOPLIST_FILE = "BJ博鉴乡兴通/Info.plist";
				INFOPLIST_KEY_UIApplicationSupportsIndirectInputEvents = YES;
				INFOPLIST_KEY_UILaunchStoryboardName = LaunchScreen;
				INFOPLIST_KEY_UIMainStoryboardFile = Main;
				INFOPLIST_KEY_UISupportedInterfaceOrientations_iPad = "UIInterfaceOrientationPortrait UIInterfaceOrientationPortraitUpsideDown UIInterfaceOrientationLandscapeLeft UIInterfaceOrientationLandscapeRight";
				INFOPLIST_KEY_UISupportedInterfaceOrientations_iPhone = "UIInterfaceOrientationPortrait UIInterfaceOrientationLandscapeLeft UIInterfaceOrientationLandscapeRight";
				IPHONEOS_DEPLOYMENT_TARGET = 16.6;
				LD_RUNPATH_SEARCH_PATHS = (
					"$(inherited)",
					"@executable_path/Frameworks",
				);
				MARKETING_VERSION = 1.0;
				PRODUCT_BUNDLE_IDENTIFIER = "JC.BJ-----";
				PRODUCT_NAME = "$(TARGET_NAME)";
				SWIFT_EMIT_LOC_STRINGS = YES;
				TARGETED_DEVICE_FAMILY = "1,2";
			};
			name = Release;
		};
		216DB6D42D2FDEF3005BF4C2 /* Debug */ = {
			isa = XCBuildConfiguration;
			buildSettings = {
				BUNDLE_LOADER = "$(TEST_HOST)";
				CODE_SIGN_STYLE = Automatic;
				CURRENT_PROJECT_VERSION = 1;
				GENERATE_INFOPLIST_FILE = YES;
				IPHONEOS_DEPLOYMENT_TARGET = 17.5;
				MARKETING_VERSION = 1.0;
				PRODUCT_BUNDLE_IDENTIFIER = "JC.BJ-----Tests";
				PRODUCT_NAME = "$(TARGET_NAME)";
				SWIFT_EMIT_LOC_STRINGS = NO;
				TARGETED_DEVICE_FAMILY = "1,2";
				TEST_HOST = "$(BUILT_PRODUCTS_DIR)/BJ博鉴乡兴通.app/$(BUNDLE_EXECUTABLE_FOLDER_PATH)/BJ博鉴乡兴通";
			};
			name = Debug;
		};
		216DB6D52D2FDEF3005BF4C2 /* Release */ = {
			isa = XCBuildConfiguration;
			buildSettings = {
				BUNDLE_LOADER = "$(TEST_HOST)";
				CODE_SIGN_STYLE = Automatic;
				CURRENT_PROJECT_VERSION = 1;
				GENERATE_INFOPLIST_FILE = YES;
				IPHONEOS_DEPLOYMENT_TARGET = 17.5;
				MARKETING_VERSION = 1.0;
				PRODUCT_BUNDLE_IDENTIFIER = "JC.BJ-----Tests";
				PRODUCT_NAME = "$(TARGET_NAME)";
				SWIFT_EMIT_LOC_STRINGS = NO;
				TARGETED_DEVICE_FAMILY = "1,2";
				TEST_HOST = "$(BUILT_PRODUCTS_DIR)/BJ博鉴乡兴通.app/$(BUNDLE_EXECUTABLE_FOLDER_PATH)/BJ博鉴乡兴通";
			};
			name = Release;
		};
		216DB6D72D2FDEF3005BF4C2 /* Debug */ = {
			isa = XCBuildConfiguration;
			buildSettings = {
				CODE_SIGN_STYLE = Automatic;
				CURRENT_PROJECT_VERSION = 1;
				GENERATE_INFOPLIST_FILE = YES;
				MARKETING_VERSION = 1.0;
				PRODUCT_BUNDLE_IDENTIFIER = "JC.BJ-----UITests";
				PRODUCT_NAME = "$(TARGET_NAME)";
				SWIFT_EMIT_LOC_STRINGS = NO;
				TARGETED_DEVICE_FAMILY = "1,2";
				TEST_TARGET_NAME = "BJ博鉴乡兴通";
			};
			name = Debug;
		};
		216DB6D82D2FDEF3005BF4C2 /* Release */ = {
			isa = XCBuildConfiguration;
			buildSettings = {
				CODE_SIGN_STYLE = Automatic;
				CURRENT_PROJECT_VERSION = 1;
				GENERATE_INFOPLIST_FILE = YES;
				MARKETING_VERSION = 1.0;
				PRODUCT_BUNDLE_IDENTIFIER = "JC.BJ-----UITests";
				PRODUCT_NAME = "$(TARGET_NAME)";
				SWIFT_EMIT_LOC_STRINGS = NO;
				TARGETED_DEVICE_FAMILY = "1,2";
				TEST_TARGET_NAME = "BJ博鉴乡兴通";
			};
			name = Release;
		};
/* End XCBuildConfiguration section */

/* Begin XCConfigurationList section */
		216DB69C2D2FDEF2005BF4C2 /* Build configuration list for PBXProject "BJ博鉴乡兴通" */ = {
			isa = XCConfigurationList;
			buildConfigurations = (
				216DB6CE2D2FDEF3005BF4C2 /* Debug */,
				216DB6CF2D2FDEF3005BF4C2 /* Release */,
			);
			defaultConfigurationIsVisible = 0;
			defaultConfigurationName = Release;
		};
		216DB6D02D2FDEF3005BF4C2 /* Build configuration list for PBXNativeTarget "BJ博鉴乡兴通" */ = {
			isa = XCConfigurationList;
			buildConfigurations = (
				216DB6D12D2FDEF3005BF4C2 /* Debug */,
				216DB6D22D2FDEF3005BF4C2 /* Release */,
			);
			defaultConfigurationIsVisible = 0;
			defaultConfigurationName = Release;
		};
		216DB6D32D2FDEF3005BF4C2 /* Build configuration list for PBXNativeTarget "BJ博鉴乡兴通Tests" */ = {
			isa = XCConfigurationList;
			buildConfigurations = (
				216DB6D42D2FDEF3005BF4C2 /* Debug */,
				216DB6D52D2FDEF3005BF4C2 /* Release */,
			);
			defaultConfigurationIsVisible = 0;
			defaultConfigurationName = Release;
		};
		216DB6D62D2FDEF3005BF4C2 /* Build configuration list for PBXNativeTarget "BJ博鉴乡兴通UITests" */ = {
			isa = XCConfigurationList;
			buildConfigurations = (
				216DB6D72D2FDEF3005BF4C2 /* Debug */,
				216DB6D82D2FDEF3005BF4C2 /* Release */,
			);
			defaultConfigurationIsVisible = 0;
			defaultConfigurationName = Release;
		};
/* End XCConfigurationList section */
	};
	rootObject = 216DB6992D2FDEF2005BF4C2 /* Project object */;
}
